// !$*UTF8*$!
{
	archiveVersion = 1;
	classes = {
	};
	objectVersion = 46;
	objects = {

/* Begin PBXBuildFile section */
		CF5B1BEC1C63142D00FB0576 /* main.m in Sources */ = {isa = PBXBuildFile; fileRef = CF5B1BEB1C63142D00FB0576 /* main.m */; };
		CF5B1BEF1C63142D00FB0576 /* AppDelegate.m in Sources */ = {isa = PBXBuildFile; fileRef = CF5B1BEE1C63142D00FB0576 /* AppDelegate.m */; };
		CF5B1BF51C63142D00FB0576 /* Main.storyboard in Resources */ = {isa = PBXBuildFile; fileRef = CF5B1BF31C63142D00FB0576 /* Main.storyboard */; };
		CF5B1BF71C63142D00FB0576 /* Assets.xcassets in Resources */ = {isa = PBXBuildFile; fileRef = CF5B1BF61C63142D00FB0576 /* Assets.xcassets */; };
		CF5B1BFA1C63142D00FB0576 /* LaunchScreen.storyboard in Resources */ = {isa = PBXBuildFile; fileRef = CF5B1BF81C63142D00FB0576 /* LaunchScreen.storyboard */; };
		CF5B1CBB1C6327F800FB0576 /* AFHTTPRequestOperation.m in Sources */ = {isa = PBXBuildFile; fileRef = CF5B1C041C6327F800FB0576 /* AFHTTPRequestOperation.m */; };
		CF5B1CBC1C6327F800FB0576 /* AFHTTPRequestOperationManager.m in Sources */ = {isa = PBXBuildFile; fileRef = CF5B1C061C6327F800FB0576 /* AFHTTPRequestOperationManager.m */; };
		CF5B1CBD1C6327F800FB0576 /* AFHTTPSessionManager.m in Sources */ = {isa = PBXBuildFile; fileRef = CF5B1C081C6327F800FB0576 /* AFHTTPSessionManager.m */; };
		CF5B1CBE1C6327F800FB0576 /* AFNetworkReachabilityManager.m in Sources */ = {isa = PBXBuildFile; fileRef = CF5B1C0B1C6327F800FB0576 /* AFNetworkReachabilityManager.m */; };
		CF5B1CBF1C6327F800FB0576 /* AFSecurityPolicy.m in Sources */ = {isa = PBXBuildFile; fileRef = CF5B1C0D1C6327F800FB0576 /* AFSecurityPolicy.m */; };
		CF5B1CC01C6327F800FB0576 /* AFURLConnectionOperation.m in Sources */ = {isa = PBXBuildFile; fileRef = CF5B1C0F1C6327F800FB0576 /* AFURLConnectionOperation.m */; };
		CF5B1CC11C6327F800FB0576 /* AFURLRequestSerialization.m in Sources */ = {isa = PBXBuildFile; fileRef = CF5B1C111C6327F800FB0576 /* AFURLRequestSerialization.m */; };
		CF5B1CC21C6327F800FB0576 /* AFURLResponseSerialization.m in Sources */ = {isa = PBXBuildFile; fileRef = CF5B1C131C6327F800FB0576 /* AFURLResponseSerialization.m */; };
		CF5B1CC31C6327F800FB0576 /* AFURLSessionManager.m in Sources */ = {isa = PBXBuildFile; fileRef = CF5B1C151C6327F800FB0576 /* AFURLSessionManager.m */; };
		CF5B1CC41C6327F800FB0576 /* CWStarRateView.m in Sources */ = {isa = PBXBuildFile; fileRef = CF5B1C181C6327F800FB0576 /* CWStarRateView.m */; };
		CF5B1CC51C6327F800FB0576 /* star0@2x.png in Resources */ = {isa = PBXBuildFile; fileRef = CF5B1C191C6327F800FB0576 /* star0@2x.png */; };
		CF5B1CC61C6327F800FB0576 /* star0@3x.png in Resources */ = {isa = PBXBuildFile; fileRef = CF5B1C1A1C6327F800FB0576 /* star0@3x.png */; };
		CF5B1CC71C6327F800FB0576 /* star2@2x.png in Resources */ = {isa = PBXBuildFile; fileRef = CF5B1C1B1C6327F800FB0576 /* star2@2x.png */; };
		CF5B1CC81C6327F800FB0576 /* star2@3x.png in Resources */ = {isa = PBXBuildFile; fileRef = CF5B1C1C1C6327F800FB0576 /* star2@3x.png */; };
		CF5B1CD01C6327F800FB0576 /* JSONModel.m in Sources */ = {isa = PBXBuildFile; fileRef = CF5B1C4F1C6327F800FB0576 /* JSONModel.m */; };
		CF5B1CD11C6327F800FB0576 /* JSONModelArray.m in Sources */ = {isa = PBXBuildFile; fileRef = CF5B1C511C6327F800FB0576 /* JSONModelArray.m */; };
		CF5B1CD21C6327F800FB0576 /* JSONModelClassProperty.m in Sources */ = {isa = PBXBuildFile; fileRef = CF5B1C531C6327F800FB0576 /* JSONModelClassProperty.m */; };
		CF5B1CD31C6327F800FB0576 /* JSONModelError.m in Sources */ = {isa = PBXBuildFile; fileRef = CF5B1C551C6327F800FB0576 /* JSONModelError.m */; };
		CF5B1CD41C6327F800FB0576 /* NSArray+JSONModel.m in Sources */ = {isa = PBXBuildFile; fileRef = CF5B1C581C6327F800FB0576 /* NSArray+JSONModel.m */; };
		CF5B1CD51C6327F800FB0576 /* JSONAPI.m in Sources */ = {isa = PBXBuildFile; fileRef = CF5B1C5C1C6327F800FB0576 /* JSONAPI.m */; };
		CF5B1CD61C6327F800FB0576 /* JSONHTTPClient.m in Sources */ = {isa = PBXBuildFile; fileRef = CF5B1C5E1C6327F800FB0576 /* JSONHTTPClient.m */; };
		CF5B1CD71C6327F800FB0576 /* JSONModel+networking.m in Sources */ = {isa = PBXBuildFile; fileRef = CF5B1C601C6327F800FB0576 /* JSONModel+networking.m */; };
		CF5B1CD81C6327F800FB0576 /* JSONKeyMapper.m in Sources */ = {isa = PBXBuildFile; fileRef = CF5B1C631C6327F800FB0576 /* JSONKeyMapper.m */; };
		CF5B1CD91C6327F800FB0576 /* JSONValueTransformer.m in Sources */ = {isa = PBXBuildFile; fileRef = CF5B1C651C6327F800FB0576 /* JSONValueTransformer.m */; };
		CF5B1CDA1C6327F800FB0576 /* MASCompositeConstraint.m in Sources */ = {isa = PBXBuildFile; fileRef = CF5B1C691C6327F800FB0576 /* MASCompositeConstraint.m */; };
		CF5B1CDB1C6327F800FB0576 /* MASConstraint.m in Sources */ = {isa = PBXBuildFile; fileRef = CF5B1C6C1C6327F800FB0576 /* MASConstraint.m */; };
		CF5B1CDC1C6327F800FB0576 /* MASConstraintMaker.m in Sources */ = {isa = PBXBuildFile; fileRef = CF5B1C6E1C6327F800FB0576 /* MASConstraintMaker.m */; };
		CF5B1CDD1C6327F800FB0576 /* MASLayoutConstraint.m in Sources */ = {isa = PBXBuildFile; fileRef = CF5B1C701C6327F800FB0576 /* MASLayoutConstraint.m */; };
		CF5B1CDE1C6327F800FB0576 /* MASViewAttribute.m in Sources */ = {isa = PBXBuildFile; fileRef = CF5B1C741C6327F800FB0576 /* MASViewAttribute.m */; };
		CF5B1CDF1C6327F800FB0576 /* MASViewConstraint.m in Sources */ = {isa = PBXBuildFile; fileRef = CF5B1C761C6327F800FB0576 /* MASViewConstraint.m */; };
		CF5B1CE01C6327F800FB0576 /* NSArray+MASAdditions.m in Sources */ = {isa = PBXBuildFile; fileRef = CF5B1C781C6327F800FB0576 /* NSArray+MASAdditions.m */; };
		CF5B1CE11C6327F800FB0576 /* NSLayoutConstraint+MASDebugAdditions.m in Sources */ = {isa = PBXBuildFile; fileRef = CF5B1C7B1C6327F800FB0576 /* NSLayoutConstraint+MASDebugAdditions.m */; };
		CF5B1CE21C6327F800FB0576 /* View+MASAdditions.m in Sources */ = {isa = PBXBuildFile; fileRef = CF5B1C7D1C6327F800FB0576 /* View+MASAdditions.m */; };
		CF5B1CE31C6327F800FB0576 /* ViewController+MASAdditions.m in Sources */ = {isa = PBXBuildFile; fileRef = CF5B1C801C6327F800FB0576 /* ViewController+MASAdditions.m */; };
		CF5B1CED1C6327F800FB0576 /* SVIndefiniteAnimatedView.m in Sources */ = {isa = PBXBuildFile; fileRef = CF5B1C9F1C6327F800FB0576 /* SVIndefiniteAnimatedView.m */; };
		CF5B1CEE1C6327F800FB0576 /* SVProgressHUD.bundle in Resources */ = {isa = PBXBuildFile; fileRef = CF5B1CA01C6327F800FB0576 /* SVProgressHUD.bundle */; };
		CF5B1CEF1C6327F800FB0576 /* SVProgressHUD.m in Sources */ = {isa = PBXBuildFile; fileRef = CF5B1CA21C6327F800FB0576 /* SVProgressHUD.m */; };
		CF5B1D131C6327FD00FB0576 /* KYGoodsListModel.m in Sources */ = {isa = PBXBuildFile; fileRef = CF5B1CFA1C6327FD00FB0576 /* KYGoodsListModel.m */; };
		CF5B1D141C6327FD00FB0576 /* KYGoodsModel.m in Sources */ = {isa = PBXBuildFile; fileRef = CF5B1CFC1C6327FD00FB0576 /* KYGoodsModel.m */; };
		CF5B1D151C6327FD00FB0576 /* KYImageModel.m in Sources */ = {isa = PBXBuildFile; fileRef = CF5B1CFE1C6327FD00FB0576 /* KYImageModel.m */; };
		CF5B1D161C6327FD00FB0576 /* KYOrderHistoryModel.m in Sources */ = {isa = PBXBuildFile; fileRef = CF5B1D001C6327FD00FB0576 /* KYOrderHistoryModel.m */; };
		CF5B1D171C6327FD00FB0576 /* KYSellerModel.m in Sources */ = {isa = PBXBuildFile; fileRef = CF5B1D021C6327FD00FB0576 /* KYSellerModel.m */; };
		CF5B1D181C6327FD00FB0576 /* KYTimeModel.m in Sources */ = {isa = PBXBuildFile; fileRef = CF5B1D041C6327FD00FB0576 /* KYTimeModel.m */; };
		CF5B1D191C6327FD00FB0576 /* TKAddAddressViewModel.m in Sources */ = {isa = PBXBuildFile; fileRef = CF5B1D061C6327FD00FB0576 /* TKAddAddressViewModel.m */; };
		CF5B1D1A1C6327FD00FB0576 /* TKAddressSelectedModel.m in Sources */ = {isa = PBXBuildFile; fileRef = CF5B1D081C6327FD00FB0576 /* TKAddressSelectedModel.m */; };
		CF5B1D1B1C6327FD00FB0576 /* TKHistoryModel.m in Sources */ = {isa = PBXBuildFile; fileRef = CF5B1D0A1C6327FD00FB0576 /* TKHistoryModel.m */; };
		CF5B1D1C1C6327FD00FB0576 /* TKImageModel.m in Sources */ = {isa = PBXBuildFile; fileRef = CF5B1D0C1C6327FD00FB0576 /* TKImageModel.m */; };
		CF5B1D1D1C6327FD00FB0576 /* TKOrderConfirmationModel.m in Sources */ = {isa = PBXBuildFile; fileRef = CF5B1D0E1C6327FD00FB0576 /* TKOrderConfirmationModel.m */; };
		CF5B1D1E1C6327FD00FB0576 /* TKRedPacketModel.m in Sources */ = {isa = PBXBuildFile; fileRef = CF5B1D101C6327FD00FB0576 /* TKRedPacketModel.m */; };
		CF5B1D1F1C6327FD00FB0576 /* TKVoucherModel.m in Sources */ = {isa = PBXBuildFile; fileRef = CF5B1D121C6327FD00FB0576 /* TKVoucherModel.m */; };
		CF5B1D231C63280100FB0576 /* KYServiceRequest.m in Sources */ = {isa = PBXBuildFile; fileRef = CF5B1D221C63280100FB0576 /* KYServiceRequest.m */; };
		CF5B1D4B1C632A4000FB0576 /* KYFoodIndexViewController.m in Sources */ = {isa = PBXBuildFile; fileRef = CF5B1D2E1C632A4000FB0576 /* KYFoodIndexViewController.m */; };
		CF5B1D4C1C632A4000FB0576 /* KYStoreDetailViewController.m in Sources */ = {isa = PBXBuildFile; fileRef = CF5B1D301C632A4000FB0576 /* KYStoreDetailViewController.m */; };
		CF5B1D4D1C632A4000FB0576 /* KYStoreListViewController.m in Sources */ = {isa = PBXBuildFile; fileRef = CF5B1D321C632A4000FB0576 /* KYStoreListViewController.m */; };
		CF5B1D511C632A4000FB0576 /* TKAddressSelectedViewController.m in Sources */ = {isa = PBXBuildFile; fileRef = CF5B1D3A1C632A4000FB0576 /* TKAddressSelectedViewController.m */; };
		CF5B1D521C632A4000FB0576 /* TKAddressViewController.m in Sources */ = {isa = PBXBuildFile; fileRef = CF5B1D3C1C632A4000FB0576 /* TKAddressViewController.m */; };
		CF5B1D531C632A4000FB0576 /* TKBirthdayViewController.m in Sources */ = {isa = PBXBuildFile; fileRef = CF5B1D3E1C632A4000FB0576 /* TKBirthdayViewController.m */; };
		CF5B1D541C632A4000FB0576 /* TKOrderConfirmationViewController.m in Sources */ = {isa = PBXBuildFile; fileRef = CF5B1D401C632A4000FB0576 /* TKOrderConfirmationViewController.m */; };
		CF5B1D651C632A9D00FB0576 /* KYFoodCategoryTableViewCell.m in Sources */ = {isa = PBXBuildFile; fileRef = CF5B1D5A1C632A9D00FB0576 /* KYFoodCategoryTableViewCell.m */; };
		CF5B1D661C632A9D00FB0576 /* KYFoodInfoTableViewCell.m in Sources */ = {isa = PBXBuildFile; fileRef = CF5B1D5C1C632A9D00FB0576 /* KYFoodInfoTableViewCell.m */; };
		CF5B1D671C632A9D00FB0576 /* KYStoreInfoTableViewCell.m in Sources */ = {isa = PBXBuildFile; fileRef = CF5B1D5E1C632A9D00FB0576 /* KYStoreInfoTableViewCell.m */; };
		CF5B1D681C632A9D00FB0576 /* TKAddressSelectedTableViewCell.m in Sources */ = {isa = PBXBuildFile; fileRef = CF5B1D601C632A9D00FB0576 /* TKAddressSelectedTableViewCell.m */; };
		CF5B1D691C632A9D00FB0576 /* TKAddressTableViewCell.m in Sources */ = {isa = PBXBuildFile; fileRef = CF5B1D621C632A9D00FB0576 /* TKAddressTableViewCell.m */; };
		CF5B1D6A1C632A9D00FB0576 /* TKOrderConfirmationTableViewCell.m in Sources */ = {isa = PBXBuildFile; fileRef = CF5B1D641C632A9D00FB0576 /* TKOrderConfirmationTableViewCell.m */; };
		CF5B1D751C632AA100FB0576 /* KYFoodIndexView.m in Sources */ = {isa = PBXBuildFile; fileRef = CF5B1D6D1C632AA100FB0576 /* KYFoodIndexView.m */; };
		CF5B1D761C632AA100FB0576 /* KYStoreDetailView.m in Sources */ = {isa = PBXBuildFile; fileRef = CF5B1D6F1C632AA100FB0576 /* KYStoreDetailView.m */; };
		CF5B1D771C632AA100FB0576 /* TKOrderConfirmationHeaderView.m in Sources */ = {isa = PBXBuildFile; fileRef = CF5B1D721C632AA100FB0576 /* TKOrderConfirmationHeaderView.m */; };
		CF5B1D821C632AFD00FB0576 /* KYCustomBarItem.m in Sources */ = {isa = PBXBuildFile; fileRef = CF5B1D7B1C632AFD00FB0576 /* KYCustomBarItem.m */; };
		CF5B1D831C632AFD00FB0576 /* KYNumberAdjustControl.m in Sources */ = {isa = PBXBuildFile; fileRef = CF5B1D7D1C632AFD00FB0576 /* KYNumberAdjustControl.m */; };
		CF5B1D841C632AFD00FB0576 /* KYProgressAnimationHUD.m in Sources */ = {isa = PBXBuildFile; fileRef = CF5B1D7F1C632AFD00FB0576 /* KYProgressAnimationHUD.m */; };
		CF5B1D851C632AFD00FB0576 /* UIView+Helper.m in Sources */ = {isa = PBXBuildFile; fileRef = CF5B1D811C632AFD00FB0576 /* UIView+Helper.m */; };
		CF5B1D881C632C5D00FB0576 /* NewWebViewController.m in Sources */ = {isa = PBXBuildFile; fileRef = CF5B1D871C632C5D00FB0576 /* NewWebViewController.m */; };
		CF5B1D8E1C63360600FB0576 /* AppCommonConstant.m in Sources */ = {isa = PBXBuildFile; fileRef = CF5B1D8D1C63360600FB0576 /* AppCommonConstant.m */; };
		CF5B1DB51C63453F00FB0576 /* MKAnnotationView+WebCache.m in Sources */ = {isa = PBXBuildFile; fileRef = CF5B1D951C63453F00FB0576 /* MKAnnotationView+WebCache.m */; };
		CF5B1DB61C63453F00FB0576 /* NSData+ImageContentType.m in Sources */ = {isa = PBXBuildFile; fileRef = CF5B1D971C63453F00FB0576 /* NSData+ImageContentType.m */; };
		CF5B1DB71C63453F00FB0576 /* SDImageCache.m in Sources */ = {isa = PBXBuildFile; fileRef = CF5B1D991C63453F00FB0576 /* SDImageCache.m */; };
		CF5B1DB81C63453F00FB0576 /* SDWebImageCompat.m in Sources */ = {isa = PBXBuildFile; fileRef = CF5B1D9B1C63453F00FB0576 /* SDWebImageCompat.m */; };
		CF5B1DB91C63453F00FB0576 /* SDWebImageDecoder.m in Sources */ = {isa = PBXBuildFile; fileRef = CF5B1D9D1C63453F00FB0576 /* SDWebImageDecoder.m */; };
		CF5B1DBA1C63453F00FB0576 /* SDWebImageDownloader.m in Sources */ = {isa = PBXBuildFile; fileRef = CF5B1D9F1C63453F00FB0576 /* SDWebImageDownloader.m */; };
		CF5B1DBB1C63453F00FB0576 /* SDWebImageDownloaderOperation.m in Sources */ = {isa = PBXBuildFile; fileRef = CF5B1DA11C63453F00FB0576 /* SDWebImageDownloaderOperation.m */; };
		CF5B1DBC1C63453F00FB0576 /* SDWebImageManager.m in Sources */ = {isa = PBXBuildFile; fileRef = CF5B1DA31C63453F00FB0576 /* SDWebImageManager.m */; };
		CF5B1DBD1C63453F00FB0576 /* SDWebImagePrefetcher.m in Sources */ = {isa = PBXBuildFile; fileRef = CF5B1DA61C63453F00FB0576 /* SDWebImagePrefetcher.m */; };
		CF5B1DBE1C63453F00FB0576 /* UIButton+WebCache.m in Sources */ = {isa = PBXBuildFile; fileRef = CF5B1DA81C63453F00FB0576 /* UIButton+WebCache.m */; };
		CF5B1DBF1C63453F00FB0576 /* UIImage+GIF.m in Sources */ = {isa = PBXBuildFile; fileRef = CF5B1DAA1C63453F00FB0576 /* UIImage+GIF.m */; };
		CF5B1DC01C63453F00FB0576 /* UIImage+MultiFormat.m in Sources */ = {isa = PBXBuildFile; fileRef = CF5B1DAC1C63453F00FB0576 /* UIImage+MultiFormat.m */; };
		CF5B1DC11C63453F00FB0576 /* UIImage+WebP.m in Sources */ = {isa = PBXBuildFile; fileRef = CF5B1DAE1C63453F00FB0576 /* UIImage+WebP.m */; };
		CF5B1DC21C63453F00FB0576 /* UIImageView+HighlightedWebCache.m in Sources */ = {isa = PBXBuildFile; fileRef = CF5B1DB01C63453F00FB0576 /* UIImageView+HighlightedWebCache.m */; };
		CF5B1DC31C63453F00FB0576 /* UIImageView+WebCache.m in Sources */ = {isa = PBXBuildFile; fileRef = CF5B1DB21C63453F00FB0576 /* UIImageView+WebCache.m */; };
		CF5B1DC41C63453F00FB0576 /* UIView+WebCacheOperation.m in Sources */ = {isa = PBXBuildFile; fileRef = CF5B1DB41C63453F00FB0576 /* UIView+WebCacheOperation.m */; };
		CF5B1DC91C63467400FB0576 /* WebViewJavascriptBridge.js.txt in Resources */ = {isa = PBXBuildFile; fileRef = CF5B1DC71C63467400FB0576 /* WebViewJavascriptBridge.js.txt */; };
		CF5B1DCA1C63467400FB0576 /* WebViewJavascriptBridge.m in Sources */ = {isa = PBXBuildFile; fileRef = CF5B1DC81C63467400FB0576 /* WebViewJavascriptBridge.m */; };
		CF72D4AB1C63A1D500EC2075 /* UINavigationBar+KYAdd.m in Sources */ = {isa = PBXBuildFile; fileRef = CF72D4AA1C63A1D500EC2075 /* UINavigationBar+KYAdd.m */; };
/* End PBXBuildFile section */

/* Begin PBXFileReference section */
		CF5B1BE71C63142D00FB0576 /* KYOrderTakeout.app */ = {isa = PBXFileReference; explicitFileType = wrapper.application; includeInIndex = 0; path = KYOrderTakeout.app; sourceTree = BUILT_PRODUCTS_DIR; };
		CF5B1BEB1C63142D00FB0576 /* main.m */ = {isa = PBXFileReference; lastKnownFileType = sourcecode.c.objc; path = main.m; sourceTree = "<group>"; };
		CF5B1BED1C63142D00FB0576 /* AppDelegate.h */ = {isa = PBXFileReference; lastKnownFileType = sourcecode.c.h; path = AppDelegate.h; sourceTree = "<group>"; };
		CF5B1BEE1C63142D00FB0576 /* AppDelegate.m */ = {isa = PBXFileReference; lastKnownFileType = sourcecode.c.objc; path = AppDelegate.m; sourceTree = "<group>"; };
		CF5B1BF41C63142D00FB0576 /* Base */ = {isa = PBXFileReference; lastKnownFileType = file.storyboard; name = Base; path = Base.lproj/Main.storyboard; sourceTree = "<group>"; };
		CF5B1BF61C63142D00FB0576 /* Assets.xcassets */ = {isa = PBXFileReference; lastKnownFileType = folder.assetcatalog; path = Assets.xcassets; sourceTree = "<group>"; };
		CF5B1BF91C63142D00FB0576 /* Base */ = {isa = PBXFileReference; lastKnownFileType = file.storyboard; name = Base; path = Base.lproj/LaunchScreen.storyboard; sourceTree = "<group>"; };
		CF5B1BFB1C63142D00FB0576 /* Info.plist */ = {isa = PBXFileReference; lastKnownFileType = text.plist.xml; path = Info.plist; sourceTree = "<group>"; };
		CF5B1C031C6327F800FB0576 /* AFHTTPRequestOperation.h */ = {isa = PBXFileReference; fileEncoding = 4; lastKnownFileType = sourcecode.c.h; path = AFHTTPRequestOperation.h; sourceTree = "<group>"; };
		CF5B1C041C6327F800FB0576 /* AFHTTPRequestOperation.m */ = {isa = PBXFileReference; fileEncoding = 4; lastKnownFileType = sourcecode.c.objc; path = AFHTTPRequestOperation.m; sourceTree = "<group>"; };
		CF5B1C051C6327F800FB0576 /* AFHTTPRequestOperationManager.h */ = {isa = PBXFileReference; fileEncoding = 4; lastKnownFileType = sourcecode.c.h; path = AFHTTPRequestOperationManager.h; sourceTree = "<group>"; };
		CF5B1C061C6327F800FB0576 /* AFHTTPRequestOperationManager.m */ = {isa = PBXFileReference; fileEncoding = 4; lastKnownFileType = sourcecode.c.objc; path = AFHTTPRequestOperationManager.m; sourceTree = "<group>"; };
		CF5B1C071C6327F800FB0576 /* AFHTTPSessionManager.h */ = {isa = PBXFileReference; fileEncoding = 4; lastKnownFileType = sourcecode.c.h; path = AFHTTPSessionManager.h; sourceTree = "<group>"; };
		CF5B1C081C6327F800FB0576 /* AFHTTPSessionManager.m */ = {isa = PBXFileReference; fileEncoding = 4; lastKnownFileType = sourcecode.c.objc; path = AFHTTPSessionManager.m; sourceTree = "<group>"; };
		CF5B1C091C6327F800FB0576 /* AFNetworking.h */ = {isa = PBXFileReference; fileEncoding = 4; lastKnownFileType = sourcecode.c.h; path = AFNetworking.h; sourceTree = "<group>"; };
		CF5B1C0A1C6327F800FB0576 /* AFNetworkReachabilityManager.h */ = {isa = PBXFileReference; fileEncoding = 4; lastKnownFileType = sourcecode.c.h; path = AFNetworkReachabilityManager.h; sourceTree = "<group>"; };
		CF5B1C0B1C6327F800FB0576 /* AFNetworkReachabilityManager.m */ = {isa = PBXFileReference; fileEncoding = 4; lastKnownFileType = sourcecode.c.objc; path = AFNetworkReachabilityManager.m; sourceTree = "<group>"; };
		CF5B1C0C1C6327F800FB0576 /* AFSecurityPolicy.h */ = {isa = PBXFileReference; fileEncoding = 4; lastKnownFileType = sourcecode.c.h; path = AFSecurityPolicy.h; sourceTree = "<group>"; };
		CF5B1C0D1C6327F800FB0576 /* AFSecurityPolicy.m */ = {isa = PBXFileReference; fileEncoding = 4; lastKnownFileType = sourcecode.c.objc; path = AFSecurityPolicy.m; sourceTree = "<group>"; };
		CF5B1C0E1C6327F800FB0576 /* AFURLConnectionOperation.h */ = {isa = PBXFileReference; fileEncoding = 4; lastKnownFileType = sourcecode.c.h; path = AFURLConnectionOperation.h; sourceTree = "<group>"; };
		CF5B1C0F1C6327F800FB0576 /* AFURLConnectionOperation.m */ = {isa = PBXFileReference; fileEncoding = 4; lastKnownFileType = sourcecode.c.objc; path = AFURLConnectionOperation.m; sourceTree = "<group>"; };
		CF5B1C101C6327F800FB0576 /* AFURLRequestSerialization.h */ = {isa = PBXFileReference; fileEncoding = 4; lastKnownFileType = sourcecode.c.h; path = AFURLRequestSerialization.h; sourceTree = "<group>"; };
		CF5B1C111C6327F800FB0576 /* AFURLRequestSerialization.m */ = {isa = PBXFileReference; fileEncoding = 4; lastKnownFileType = sourcecode.c.objc; path = AFURLRequestSerialization.m; sourceTree = "<group>"; };
		CF5B1C121C6327F800FB0576 /* AFURLResponseSerialization.h */ = {isa = PBXFileReference; fileEncoding = 4; lastKnownFileType = sourcecode.c.h; path = AFURLResponseSerialization.h; sourceTree = "<group>"; };
		CF5B1C131C6327F800FB0576 /* AFURLResponseSerialization.m */ = {isa = PBXFileReference; fileEncoding = 4; lastKnownFileType = sourcecode.c.objc; path = AFURLResponseSerialization.m; sourceTree = "<group>"; };
		CF5B1C141C6327F800FB0576 /* AFURLSessionManager.h */ = {isa = PBXFileReference; fileEncoding = 4; lastKnownFileType = sourcecode.c.h; path = AFURLSessionManager.h; sourceTree = "<group>"; };
		CF5B1C151C6327F800FB0576 /* AFURLSessionManager.m */ = {isa = PBXFileReference; fileEncoding = 4; lastKnownFileType = sourcecode.c.objc; path = AFURLSessionManager.m; sourceTree = "<group>"; };
		CF5B1C171C6327F800FB0576 /* CWStarRateView.h */ = {isa = PBXFileReference; fileEncoding = 4; lastKnownFileType = sourcecode.c.h; path = CWStarRateView.h; sourceTree = "<group>"; };
		CF5B1C181C6327F800FB0576 /* CWStarRateView.m */ = {isa = PBXFileReference; fileEncoding = 4; lastKnownFileType = sourcecode.c.objc; path = CWStarRateView.m; sourceTree = "<group>"; };
		CF5B1C191C6327F800FB0576 /* star0@2x.png */ = {isa = PBXFileReference; lastKnownFileType = image.png; path = "star0@2x.png"; sourceTree = "<group>"; };
		CF5B1C1A1C6327F800FB0576 /* star0@3x.png */ = {isa = PBXFileReference; lastKnownFileType = image.png; path = "star0@3x.png"; sourceTree = "<group>"; };
		CF5B1C1B1C6327F800FB0576 /* star2@2x.png */ = {isa = PBXFileReference; lastKnownFileType = image.png; path = "star2@2x.png"; sourceTree = "<group>"; };
		CF5B1C1C1C6327F800FB0576 /* star2@3x.png */ = {isa = PBXFileReference; lastKnownFileType = image.png; path = "star2@3x.png"; sourceTree = "<group>"; };
		CF5B1C4E1C6327F800FB0576 /* JSONModel.h */ = {isa = PBXFileReference; fileEncoding = 4; lastKnownFileType = sourcecode.c.h; path = JSONModel.h; sourceTree = "<group>"; };
		CF5B1C4F1C6327F800FB0576 /* JSONModel.m */ = {isa = PBXFileReference; fileEncoding = 4; lastKnownFileType = sourcecode.c.objc; path = JSONModel.m; sourceTree = "<group>"; };
		CF5B1C501C6327F800FB0576 /* JSONModelArray.h */ = {isa = PBXFileReference; fileEncoding = 4; lastKnownFileType = sourcecode.c.h; path = JSONModelArray.h; sourceTree = "<group>"; };
		CF5B1C511C6327F800FB0576 /* JSONModelArray.m */ = {isa = PBXFileReference; fileEncoding = 4; lastKnownFileType = sourcecode.c.objc; path = JSONModelArray.m; sourceTree = "<group>"; };
		CF5B1C521C6327F800FB0576 /* JSONModelClassProperty.h */ = {isa = PBXFileReference; fileEncoding = 4; lastKnownFileType = sourcecode.c.h; path = JSONModelClassProperty.h; sourceTree = "<group>"; };
		CF5B1C531C6327F800FB0576 /* JSONModelClassProperty.m */ = {isa = PBXFileReference; fileEncoding = 4; lastKnownFileType = sourcecode.c.objc; path = JSONModelClassProperty.m; sourceTree = "<group>"; };
		CF5B1C541C6327F800FB0576 /* JSONModelError.h */ = {isa = PBXFileReference; fileEncoding = 4; lastKnownFileType = sourcecode.c.h; path = JSONModelError.h; sourceTree = "<group>"; };
		CF5B1C551C6327F800FB0576 /* JSONModelError.m */ = {isa = PBXFileReference; fileEncoding = 4; lastKnownFileType = sourcecode.c.objc; path = JSONModelError.m; sourceTree = "<group>"; };
		CF5B1C571C6327F800FB0576 /* NSArray+JSONModel.h */ = {isa = PBXFileReference; fileEncoding = 4; lastKnownFileType = sourcecode.c.h; path = "NSArray+JSONModel.h"; sourceTree = "<group>"; };
		CF5B1C581C6327F800FB0576 /* NSArray+JSONModel.m */ = {isa = PBXFileReference; fileEncoding = 4; lastKnownFileType = sourcecode.c.objc; path = "NSArray+JSONModel.m"; sourceTree = "<group>"; };
		CF5B1C591C6327F800FB0576 /* JSONModelLib.h */ = {isa = PBXFileReference; fileEncoding = 4; lastKnownFileType = sourcecode.c.h; path = JSONModelLib.h; sourceTree = "<group>"; };
		CF5B1C5B1C6327F800FB0576 /* JSONAPI.h */ = {isa = PBXFileReference; fileEncoding = 4; lastKnownFileType = sourcecode.c.h; path = JSONAPI.h; sourceTree = "<group>"; };
		CF5B1C5C1C6327F800FB0576 /* JSONAPI.m */ = {isa = PBXFileReference; fileEncoding = 4; lastKnownFileType = sourcecode.c.objc; path = JSONAPI.m; sourceTree = "<group>"; };
		CF5B1C5D1C6327F800FB0576 /* JSONHTTPClient.h */ = {isa = PBXFileReference; fileEncoding = 4; lastKnownFileType = sourcecode.c.h; path = JSONHTTPClient.h; sourceTree = "<group>"; };
		CF5B1C5E1C6327F800FB0576 /* JSONHTTPClient.m */ = {isa = PBXFileReference; fileEncoding = 4; lastKnownFileType = sourcecode.c.objc; path = JSONHTTPClient.m; sourceTree = "<group>"; };
		CF5B1C5F1C6327F800FB0576 /* JSONModel+networking.h */ = {isa = PBXFileReference; fileEncoding = 4; lastKnownFileType = sourcecode.c.h; path = "JSONModel+networking.h"; sourceTree = "<group>"; };
		CF5B1C601C6327F800FB0576 /* JSONModel+networking.m */ = {isa = PBXFileReference; fileEncoding = 4; lastKnownFileType = sourcecode.c.objc; path = "JSONModel+networking.m"; sourceTree = "<group>"; };
		CF5B1C621C6327F800FB0576 /* JSONKeyMapper.h */ = {isa = PBXFileReference; fileEncoding = 4; lastKnownFileType = sourcecode.c.h; path = JSONKeyMapper.h; sourceTree = "<group>"; };
		CF5B1C631C6327F800FB0576 /* JSONKeyMapper.m */ = {isa = PBXFileReference; fileEncoding = 4; lastKnownFileType = sourcecode.c.objc; path = JSONKeyMapper.m; sourceTree = "<group>"; };
		CF5B1C641C6327F800FB0576 /* JSONValueTransformer.h */ = {isa = PBXFileReference; fileEncoding = 4; lastKnownFileType = sourcecode.c.h; path = JSONValueTransformer.h; sourceTree = "<group>"; };
		CF5B1C651C6327F800FB0576 /* JSONValueTransformer.m */ = {isa = PBXFileReference; fileEncoding = 4; lastKnownFileType = sourcecode.c.objc; path = JSONValueTransformer.m; sourceTree = "<group>"; };
		CF5B1C681C6327F800FB0576 /* MASCompositeConstraint.h */ = {isa = PBXFileReference; fileEncoding = 4; lastKnownFileType = sourcecode.c.h; path = MASCompositeConstraint.h; sourceTree = "<group>"; };
		CF5B1C691C6327F800FB0576 /* MASCompositeConstraint.m */ = {isa = PBXFileReference; fileEncoding = 4; lastKnownFileType = sourcecode.c.objc; path = MASCompositeConstraint.m; sourceTree = "<group>"; };
		CF5B1C6A1C6327F800FB0576 /* MASConstraint+Private.h */ = {isa = PBXFileReference; fileEncoding = 4; lastKnownFileType = sourcecode.c.h; path = "MASConstraint+Private.h"; sourceTree = "<group>"; };
		CF5B1C6B1C6327F800FB0576 /* MASConstraint.h */ = {isa = PBXFileReference; fileEncoding = 4; lastKnownFileType = sourcecode.c.h; path = MASConstraint.h; sourceTree = "<group>"; };
		CF5B1C6C1C6327F800FB0576 /* MASConstraint.m */ = {isa = PBXFileReference; fileEncoding = 4; lastKnownFileType = sourcecode.c.objc; path = MASConstraint.m; sourceTree = "<group>"; };
		CF5B1C6D1C6327F800FB0576 /* MASConstraintMaker.h */ = {isa = PBXFileReference; fileEncoding = 4; lastKnownFileType = sourcecode.c.h; path = MASConstraintMaker.h; sourceTree = "<group>"; };
		CF5B1C6E1C6327F800FB0576 /* MASConstraintMaker.m */ = {isa = PBXFileReference; fileEncoding = 4; lastKnownFileType = sourcecode.c.objc; path = MASConstraintMaker.m; sourceTree = "<group>"; };
		CF5B1C6F1C6327F800FB0576 /* MASLayoutConstraint.h */ = {isa = PBXFileReference; fileEncoding = 4; lastKnownFileType = sourcecode.c.h; path = MASLayoutConstraint.h; sourceTree = "<group>"; };
		CF5B1C701C6327F800FB0576 /* MASLayoutConstraint.m */ = {isa = PBXFileReference; fileEncoding = 4; lastKnownFileType = sourcecode.c.objc; path = MASLayoutConstraint.m; sourceTree = "<group>"; };
		CF5B1C711C6327F800FB0576 /* Masonry.h */ = {isa = PBXFileReference; fileEncoding = 4; lastKnownFileType = sourcecode.c.h; path = Masonry.h; sourceTree = "<group>"; };
		CF5B1C721C6327F800FB0576 /* MASUtilities.h */ = {isa = PBXFileReference; fileEncoding = 4; lastKnownFileType = sourcecode.c.h; path = MASUtilities.h; sourceTree = "<group>"; };
		CF5B1C731C6327F800FB0576 /* MASViewAttribute.h */ = {isa = PBXFileReference; fileEncoding = 4; lastKnownFileType = sourcecode.c.h; path = MASViewAttribute.h; sourceTree = "<group>"; };
		CF5B1C741C6327F800FB0576 /* MASViewAttribute.m */ = {isa = PBXFileReference; fileEncoding = 4; lastKnownFileType = sourcecode.c.objc; path = MASViewAttribute.m; sourceTree = "<group>"; };
		CF5B1C751C6327F800FB0576 /* MASViewConstraint.h */ = {isa = PBXFileReference; fileEncoding = 4; lastKnownFileType = sourcecode.c.h; path = MASViewConstraint.h; sourceTree = "<group>"; };
		CF5B1C761C6327F800FB0576 /* MASViewConstraint.m */ = {isa = PBXFileReference; fileEncoding = 4; lastKnownFileType = sourcecode.c.objc; path = MASViewConstraint.m; sourceTree = "<group>"; };
		CF5B1C771C6327F800FB0576 /* NSArray+MASAdditions.h */ = {isa = PBXFileReference; fileEncoding = 4; lastKnownFileType = sourcecode.c.h; path = "NSArray+MASAdditions.h"; sourceTree = "<group>"; };
		CF5B1C781C6327F800FB0576 /* NSArray+MASAdditions.m */ = {isa = PBXFileReference; fileEncoding = 4; lastKnownFileType = sourcecode.c.objc; path = "NSArray+MASAdditions.m"; sourceTree = "<group>"; };
		CF5B1C791C6327F800FB0576 /* NSArray+MASShorthandAdditions.h */ = {isa = PBXFileReference; fileEncoding = 4; lastKnownFileType = sourcecode.c.h; path = "NSArray+MASShorthandAdditions.h"; sourceTree = "<group>"; };
		CF5B1C7A1C6327F800FB0576 /* NSLayoutConstraint+MASDebugAdditions.h */ = {isa = PBXFileReference; fileEncoding = 4; lastKnownFileType = sourcecode.c.h; path = "NSLayoutConstraint+MASDebugAdditions.h"; sourceTree = "<group>"; };
		CF5B1C7B1C6327F800FB0576 /* NSLayoutConstraint+MASDebugAdditions.m */ = {isa = PBXFileReference; fileEncoding = 4; lastKnownFileType = sourcecode.c.objc; path = "NSLayoutConstraint+MASDebugAdditions.m"; sourceTree = "<group>"; };
		CF5B1C7C1C6327F800FB0576 /* View+MASAdditions.h */ = {isa = PBXFileReference; fileEncoding = 4; lastKnownFileType = sourcecode.c.h; path = "View+MASAdditions.h"; sourceTree = "<group>"; };
		CF5B1C7D1C6327F800FB0576 /* View+MASAdditions.m */ = {isa = PBXFileReference; fileEncoding = 4; lastKnownFileType = sourcecode.c.objc; path = "View+MASAdditions.m"; sourceTree = "<group>"; };
		CF5B1C7E1C6327F800FB0576 /* View+MASShorthandAdditions.h */ = {isa = PBXFileReference; fileEncoding = 4; lastKnownFileType = sourcecode.c.h; path = "View+MASShorthandAdditions.h"; sourceTree = "<group>"; };
		CF5B1C7F1C6327F800FB0576 /* ViewController+MASAdditions.h */ = {isa = PBXFileReference; fileEncoding = 4; lastKnownFileType = sourcecode.c.h; path = "ViewController+MASAdditions.h"; sourceTree = "<group>"; };
		CF5B1C801C6327F800FB0576 /* ViewController+MASAdditions.m */ = {isa = PBXFileReference; fileEncoding = 4; lastKnownFileType = sourcecode.c.objc; path = "ViewController+MASAdditions.m"; sourceTree = "<group>"; };
		CF5B1C9E1C6327F800FB0576 /* SVIndefiniteAnimatedView.h */ = {isa = PBXFileReference; fileEncoding = 4; lastKnownFileType = sourcecode.c.h; path = SVIndefiniteAnimatedView.h; sourceTree = "<group>"; };
		CF5B1C9F1C6327F800FB0576 /* SVIndefiniteAnimatedView.m */ = {isa = PBXFileReference; fileEncoding = 4; lastKnownFileType = sourcecode.c.objc; path = SVIndefiniteAnimatedView.m; sourceTree = "<group>"; };
		CF5B1CA01C6327F800FB0576 /* SVProgressHUD.bundle */ = {isa = PBXFileReference; lastKnownFileType = "wrapper.plug-in"; path = SVProgressHUD.bundle; sourceTree = "<group>"; };
		CF5B1CA11C6327F800FB0576 /* SVProgressHUD.h */ = {isa = PBXFileReference; fileEncoding = 4; lastKnownFileType = sourcecode.c.h; path = SVProgressHUD.h; sourceTree = "<group>"; };
		CF5B1CA21C6327F800FB0576 /* SVProgressHUD.m */ = {isa = PBXFileReference; fileEncoding = 4; lastKnownFileType = sourcecode.c.objc; path = SVProgressHUD.m; sourceTree = "<group>"; };
		CF5B1CF91C6327FD00FB0576 /* KYGoodsListModel.h */ = {isa = PBXFileReference; fileEncoding = 4; lastKnownFileType = sourcecode.c.h; path = KYGoodsListModel.h; sourceTree = "<group>"; };
		CF5B1CFA1C6327FD00FB0576 /* KYGoodsListModel.m */ = {isa = PBXFileReference; fileEncoding = 4; lastKnownFileType = sourcecode.c.objc; path = KYGoodsListModel.m; sourceTree = "<group>"; };
		CF5B1CFB1C6327FD00FB0576 /* KYGoodsModel.h */ = {isa = PBXFileReference; fileEncoding = 4; lastKnownFileType = sourcecode.c.h; path = KYGoodsModel.h; sourceTree = "<group>"; };
		CF5B1CFC1C6327FD00FB0576 /* KYGoodsModel.m */ = {isa = PBXFileReference; fileEncoding = 4; lastKnownFileType = sourcecode.c.objc; path = KYGoodsModel.m; sourceTree = "<group>"; };
		CF5B1CFD1C6327FD00FB0576 /* KYImageModel.h */ = {isa = PBXFileReference; fileEncoding = 4; lastKnownFileType = sourcecode.c.h; path = KYImageModel.h; sourceTree = "<group>"; };
		CF5B1CFE1C6327FD00FB0576 /* KYImageModel.m */ = {isa = PBXFileReference; fileEncoding = 4; lastKnownFileType = sourcecode.c.objc; path = KYImageModel.m; sourceTree = "<group>"; };
		CF5B1CFF1C6327FD00FB0576 /* KYOrderHistoryModel.h */ = {isa = PBXFileReference; fileEncoding = 4; lastKnownFileType = sourcecode.c.h; path = KYOrderHistoryModel.h; sourceTree = "<group>"; };
		CF5B1D001C6327FD00FB0576 /* KYOrderHistoryModel.m */ = {isa = PBXFileReference; fileEncoding = 4; lastKnownFileType = sourcecode.c.objc; path = KYOrderHistoryModel.m; sourceTree = "<group>"; };
		CF5B1D011C6327FD00FB0576 /* KYSellerModel.h */ = {isa = PBXFileReference; fileEncoding = 4; lastKnownFileType = sourcecode.c.h; path = KYSellerModel.h; sourceTree = "<group>"; };
		CF5B1D021C6327FD00FB0576 /* KYSellerModel.m */ = {isa = PBXFileReference; fileEncoding = 4; lastKnownFileType = sourcecode.c.objc; path = KYSellerModel.m; sourceTree = "<group>"; };
		CF5B1D031C6327FD00FB0576 /* KYTimeModel.h */ = {isa = PBXFileReference; fileEncoding = 4; lastKnownFileType = sourcecode.c.h; path = KYTimeModel.h; sourceTree = "<group>"; };
		CF5B1D041C6327FD00FB0576 /* KYTimeModel.m */ = {isa = PBXFileReference; fileEncoding = 4; lastKnownFileType = sourcecode.c.objc; path = KYTimeModel.m; sourceTree = "<group>"; };
		CF5B1D051C6327FD00FB0576 /* TKAddAddressViewModel.h */ = {isa = PBXFileReference; fileEncoding = 4; lastKnownFileType = sourcecode.c.h; path = TKAddAddressViewModel.h; sourceTree = "<group>"; };
		CF5B1D061C6327FD00FB0576 /* TKAddAddressViewModel.m */ = {isa = PBXFileReference; fileEncoding = 4; lastKnownFileType = sourcecode.c.objc; path = TKAddAddressViewModel.m; sourceTree = "<group>"; };
		CF5B1D071C6327FD00FB0576 /* TKAddressSelectedModel.h */ = {isa = PBXFileReference; fileEncoding = 4; lastKnownFileType = sourcecode.c.h; path = TKAddressSelectedModel.h; sourceTree = "<group>"; };
		CF5B1D081C6327FD00FB0576 /* TKAddressSelectedModel.m */ = {isa = PBXFileReference; fileEncoding = 4; lastKnownFileType = sourcecode.c.objc; path = TKAddressSelectedModel.m; sourceTree = "<group>"; };
		CF5B1D091C6327FD00FB0576 /* TKHistoryModel.h */ = {isa = PBXFileReference; fileEncoding = 4; lastKnownFileType = sourcecode.c.h; path = TKHistoryModel.h; sourceTree = "<group>"; };
		CF5B1D0A1C6327FD00FB0576 /* TKHistoryModel.m */ = {isa = PBXFileReference; fileEncoding = 4; lastKnownFileType = sourcecode.c.objc; path = TKHistoryModel.m; sourceTree = "<group>"; };
		CF5B1D0B1C6327FD00FB0576 /* TKImageModel.h */ = {isa = PBXFileReference; fileEncoding = 4; lastKnownFileType = sourcecode.c.h; path = TKImageModel.h; sourceTree = "<group>"; };
		CF5B1D0C1C6327FD00FB0576 /* TKImageModel.m */ = {isa = PBXFileReference; fileEncoding = 4; lastKnownFileType = sourcecode.c.objc; path = TKImageModel.m; sourceTree = "<group>"; };
		CF5B1D0D1C6327FD00FB0576 /* TKOrderConfirmationModel.h */ = {isa = PBXFileReference; fileEncoding = 4; lastKnownFileType = sourcecode.c.h; path = TKOrderConfirmationModel.h; sourceTree = "<group>"; };
		CF5B1D0E1C6327FD00FB0576 /* TKOrderConfirmationModel.m */ = {isa = PBXFileReference; fileEncoding = 4; lastKnownFileType = sourcecode.c.objc; path = TKOrderConfirmationModel.m; sourceTree = "<group>"; };
		CF5B1D0F1C6327FD00FB0576 /* TKRedPacketModel.h */ = {isa = PBXFileReference; fileEncoding = 4; lastKnownFileType = sourcecode.c.h; path = TKRedPacketModel.h; sourceTree = "<group>"; };
		CF5B1D101C6327FD00FB0576 /* TKRedPacketModel.m */ = {isa = PBXFileReference; fileEncoding = 4; lastKnownFileType = sourcecode.c.objc; path = TKRedPacketModel.m; sourceTree = "<group>"; };
		CF5B1D111C6327FD00FB0576 /* TKVoucherModel.h */ = {isa = PBXFileReference; fileEncoding = 4; lastKnownFileType = sourcecode.c.h; path = TKVoucherModel.h; sourceTree = "<group>"; };
		CF5B1D121C6327FD00FB0576 /* TKVoucherModel.m */ = {isa = PBXFileReference; fileEncoding = 4; lastKnownFileType = sourcecode.c.objc; path = TKVoucherModel.m; sourceTree = "<group>"; };
		CF5B1D211C63280100FB0576 /* KYServiceRequest.h */ = {isa = PBXFileReference; fileEncoding = 4; lastKnownFileType = sourcecode.c.h; path = KYServiceRequest.h; sourceTree = "<group>"; };
		CF5B1D221C63280100FB0576 /* KYServiceRequest.m */ = {isa = PBXFileReference; fileEncoding = 4; lastKnownFileType = sourcecode.c.objc; path = KYServiceRequest.m; sourceTree = "<group>"; };
		CF5B1D2D1C632A4000FB0576 /* KYFoodIndexViewController.h */ = {isa = PBXFileReference; fileEncoding = 4; lastKnownFileType = sourcecode.c.h; path = KYFoodIndexViewController.h; sourceTree = "<group>"; };
		CF5B1D2E1C632A4000FB0576 /* KYFoodIndexViewController.m */ = {isa = PBXFileReference; fileEncoding = 4; lastKnownFileType = sourcecode.c.objc; path = KYFoodIndexViewController.m; sourceTree = "<group>"; };
		CF5B1D2F1C632A4000FB0576 /* KYStoreDetailViewController.h */ = {isa = PBXFileReference; fileEncoding = 4; lastKnownFileType = sourcecode.c.h; path = KYStoreDetailViewController.h; sourceTree = "<group>"; };
		CF5B1D301C632A4000FB0576 /* KYStoreDetailViewController.m */ = {isa = PBXFileReference; fileEncoding = 4; lastKnownFileType = sourcecode.c.objc; path = KYStoreDetailViewController.m; sourceTree = "<group>"; };
		CF5B1D311C632A4000FB0576 /* KYStoreListViewController.h */ = {isa = PBXFileReference; fileEncoding = 4; lastKnownFileType = sourcecode.c.h; path = KYStoreListViewController.h; sourceTree = "<group>"; };
		CF5B1D321C632A4000FB0576 /* KYStoreListViewController.m */ = {isa = PBXFileReference; fileEncoding = 4; lastKnownFileType = sourcecode.c.objc; path = KYStoreListViewController.m; sourceTree = "<group>"; };
		CF5B1D391C632A4000FB0576 /* TKAddressSelectedViewController.h */ = {isa = PBXFileReference; fileEncoding = 4; lastKnownFileType = sourcecode.c.h; path = TKAddressSelectedViewController.h; sourceTree = "<group>"; };
		CF5B1D3A1C632A4000FB0576 /* TKAddressSelectedViewController.m */ = {isa = PBXFileReference; fileEncoding = 4; lastKnownFileType = sourcecode.c.objc; path = TKAddressSelectedViewController.m; sourceTree = "<group>"; };
		CF5B1D3B1C632A4000FB0576 /* TKAddressViewController.h */ = {isa = PBXFileReference; fileEncoding = 4; lastKnownFileType = sourcecode.c.h; path = TKAddressViewController.h; sourceTree = "<group>"; };
		CF5B1D3C1C632A4000FB0576 /* TKAddressViewController.m */ = {isa = PBXFileReference; fileEncoding = 4; lastKnownFileType = sourcecode.c.objc; path = TKAddressViewController.m; sourceTree = "<group>"; };
		CF5B1D3D1C632A4000FB0576 /* TKBirthdayViewController.h */ = {isa = PBXFileReference; fileEncoding = 4; lastKnownFileType = sourcecode.c.h; path = TKBirthdayViewController.h; sourceTree = "<group>"; };
		CF5B1D3E1C632A4000FB0576 /* TKBirthdayViewController.m */ = {isa = PBXFileReference; fileEncoding = 4; lastKnownFileType = sourcecode.c.objc; path = TKBirthdayViewController.m; sourceTree = "<group>"; };
		CF5B1D3F1C632A4000FB0576 /* TKOrderConfirmationViewController.h */ = {isa = PBXFileReference; fileEncoding = 4; lastKnownFileType = sourcecode.c.h; path = TKOrderConfirmationViewController.h; sourceTree = "<group>"; };
		CF5B1D401C632A4000FB0576 /* TKOrderConfirmationViewController.m */ = {isa = PBXFileReference; fileEncoding = 4; lastKnownFileType = sourcecode.c.objc; path = TKOrderConfirmationViewController.m; sourceTree = "<group>"; };
		CF5B1D591C632A9D00FB0576 /* KYFoodCategoryTableViewCell.h */ = {isa = PBXFileReference; fileEncoding = 4; lastKnownFileType = sourcecode.c.h; path = KYFoodCategoryTableViewCell.h; sourceTree = "<group>"; };
		CF5B1D5A1C632A9D00FB0576 /* KYFoodCategoryTableViewCell.m */ = {isa = PBXFileReference; fileEncoding = 4; lastKnownFileType = sourcecode.c.objc; path = KYFoodCategoryTableViewCell.m; sourceTree = "<group>"; };
		CF5B1D5B1C632A9D00FB0576 /* KYFoodInfoTableViewCell.h */ = {isa = PBXFileReference; fileEncoding = 4; lastKnownFileType = sourcecode.c.h; path = KYFoodInfoTableViewCell.h; sourceTree = "<group>"; };
		CF5B1D5C1C632A9D00FB0576 /* KYFoodInfoTableViewCell.m */ = {isa = PBXFileReference; fileEncoding = 4; lastKnownFileType = sourcecode.c.objc; path = KYFoodInfoTableViewCell.m; sourceTree = "<group>"; };
		CF5B1D5D1C632A9D00FB0576 /* KYStoreInfoTableViewCell.h */ = {isa = PBXFileReference; fileEncoding = 4; lastKnownFileType = sourcecode.c.h; path = KYStoreInfoTableViewCell.h; sourceTree = "<group>"; };
		CF5B1D5E1C632A9D00FB0576 /* KYStoreInfoTableViewCell.m */ = {isa = PBXFileReference; fileEncoding = 4; lastKnownFileType = sourcecode.c.objc; path = KYStoreInfoTableViewCell.m; sourceTree = "<group>"; };
		CF5B1D5F1C632A9D00FB0576 /* TKAddressSelectedTableViewCell.h */ = {isa = PBXFileReference; fileEncoding = 4; lastKnownFileType = sourcecode.c.h; path = TKAddressSelectedTableViewCell.h; sourceTree = "<group>"; };
		CF5B1D601C632A9D00FB0576 /* TKAddressSelectedTableViewCell.m */ = {isa = PBXFileReference; fileEncoding = 4; lastKnownFileType = sourcecode.c.objc; path = TKAddressSelectedTableViewCell.m; sourceTree = "<group>"; };
		CF5B1D611C632A9D00FB0576 /* TKAddressTableViewCell.h */ = {isa = PBXFileReference; fileEncoding = 4; lastKnownFileType = sourcecode.c.h; path = TKAddressTableViewCell.h; sourceTree = "<group>"; };
		CF5B1D621C632A9D00FB0576 /* TKAddressTableViewCell.m */ = {isa = PBXFileReference; fileEncoding = 4; lastKnownFileType = sourcecode.c.objc; path = TKAddressTableViewCell.m; sourceTree = "<group>"; };
		CF5B1D631C632A9D00FB0576 /* TKOrderConfirmationTableViewCell.h */ = {isa = PBXFileReference; fileEncoding = 4; lastKnownFileType = sourcecode.c.h; path = TKOrderConfirmationTableViewCell.h; sourceTree = "<group>"; };
		CF5B1D641C632A9D00FB0576 /* TKOrderConfirmationTableViewCell.m */ = {isa = PBXFileReference; fileEncoding = 4; lastKnownFileType = sourcecode.c.objc; path = TKOrderConfirmationTableViewCell.m; sourceTree = "<group>"; };
		CF5B1D6C1C632AA100FB0576 /* KYFoodIndexView.h */ = {isa = PBXFileReference; fileEncoding = 4; lastKnownFileType = sourcecode.c.h; path = KYFoodIndexView.h; sourceTree = "<group>"; };
		CF5B1D6D1C632AA100FB0576 /* KYFoodIndexView.m */ = {isa = PBXFileReference; fileEncoding = 4; lastKnownFileType = sourcecode.c.objc; path = KYFoodIndexView.m; sourceTree = "<group>"; };
		CF5B1D6E1C632AA100FB0576 /* KYStoreDetailView.h */ = {isa = PBXFileReference; fileEncoding = 4; lastKnownFileType = sourcecode.c.h; path = KYStoreDetailView.h; sourceTree = "<group>"; };
		CF5B1D6F1C632AA100FB0576 /* KYStoreDetailView.m */ = {isa = PBXFileReference; fileEncoding = 4; lastKnownFileType = sourcecode.c.objc; path = KYStoreDetailView.m; sourceTree = "<group>"; };
		CF5B1D711C632AA100FB0576 /* TKOrderConfirmationHeaderView.h */ = {isa = PBXFileReference; fileEncoding = 4; lastKnownFileType = sourcecode.c.h; path = TKOrderConfirmationHeaderView.h; sourceTree = "<group>"; };
		CF5B1D721C632AA100FB0576 /* TKOrderConfirmationHeaderView.m */ = {isa = PBXFileReference; fileEncoding = 4; lastKnownFileType = sourcecode.c.objc; path = TKOrderConfirmationHeaderView.m; sourceTree = "<group>"; };
		CF5B1D7A1C632AFD00FB0576 /* KYCustomBarItem.h */ = {isa = PBXFileReference; fileEncoding = 4; lastKnownFileType = sourcecode.c.h; path = KYCustomBarItem.h; sourceTree = "<group>"; };
		CF5B1D7B1C632AFD00FB0576 /* KYCustomBarItem.m */ = {isa = PBXFileReference; fileEncoding = 4; lastKnownFileType = sourcecode.c.objc; path = KYCustomBarItem.m; sourceTree = "<group>"; };
		CF5B1D7C1C632AFD00FB0576 /* KYNumberAdjustControl.h */ = {isa = PBXFileReference; fileEncoding = 4; lastKnownFileType = sourcecode.c.h; path = KYNumberAdjustControl.h; sourceTree = "<group>"; };
		CF5B1D7D1C632AFD00FB0576 /* KYNumberAdjustControl.m */ = {isa = PBXFileReference; fileEncoding = 4; lastKnownFileType = sourcecode.c.objc; path = KYNumberAdjustControl.m; sourceTree = "<group>"; };
		CF5B1D7E1C632AFD00FB0576 /* KYProgressAnimationHUD.h */ = {isa = PBXFileReference; fileEncoding = 4; lastKnownFileType = sourcecode.c.h; path = KYProgressAnimationHUD.h; sourceTree = "<group>"; };
		CF5B1D7F1C632AFD00FB0576 /* KYProgressAnimationHUD.m */ = {isa = PBXFileReference; fileEncoding = 4; lastKnownFileType = sourcecode.c.objc; path = KYProgressAnimationHUD.m; sourceTree = "<group>"; };
		CF5B1D801C632AFD00FB0576 /* UIView+Helper.h */ = {isa = PBXFileReference; fileEncoding = 4; lastKnownFileType = sourcecode.c.h; path = "UIView+Helper.h"; sourceTree = "<group>"; };
		CF5B1D811C632AFD00FB0576 /* UIView+Helper.m */ = {isa = PBXFileReference; fileEncoding = 4; lastKnownFileType = sourcecode.c.objc; path = "UIView+Helper.m"; sourceTree = "<group>"; };
		CF5B1D861C632C5D00FB0576 /* NewWebViewController.h */ = {isa = PBXFileReference; fileEncoding = 4; lastKnownFileType = sourcecode.c.h; path = NewWebViewController.h; sourceTree = "<group>"; };
		CF5B1D871C632C5D00FB0576 /* NewWebViewController.m */ = {isa = PBXFileReference; fileEncoding = 4; lastKnownFileType = sourcecode.c.objc; path = NewWebViewController.m; sourceTree = "<group>"; };
		CF5B1D8C1C63360600FB0576 /* AppCommonConstant.h */ = {isa = PBXFileReference; fileEncoding = 4; lastKnownFileType = sourcecode.c.h; path = AppCommonConstant.h; sourceTree = "<group>"; };
		CF5B1D8D1C63360600FB0576 /* AppCommonConstant.m */ = {isa = PBXFileReference; fileEncoding = 4; lastKnownFileType = sourcecode.c.objc; path = AppCommonConstant.m; sourceTree = "<group>"; };
		CF5B1D8F1C63363300FB0576 /* ServerConfig.h */ = {isa = PBXFileReference; lastKnownFileType = sourcecode.c.h; path = ServerConfig.h; sourceTree = "<group>"; };
		CF5B1D921C633AAC00FB0576 /* PrefixHeader.pch */ = {isa = PBXFileReference; lastKnownFileType = sourcecode.c.h; path = PrefixHeader.pch; sourceTree = "<group>"; };
		CF5B1D941C63453F00FB0576 /* MKAnnotationView+WebCache.h */ = {isa = PBXFileReference; fileEncoding = 4; lastKnownFileType = sourcecode.c.h; path = "MKAnnotationView+WebCache.h"; sourceTree = "<group>"; };
		CF5B1D951C63453F00FB0576 /* MKAnnotationView+WebCache.m */ = {isa = PBXFileReference; fileEncoding = 4; lastKnownFileType = sourcecode.c.objc; path = "MKAnnotationView+WebCache.m"; sourceTree = "<group>"; };
		CF5B1D961C63453F00FB0576 /* NSData+ImageContentType.h */ = {isa = PBXFileReference; fileEncoding = 4; lastKnownFileType = sourcecode.c.h; path = "NSData+ImageContentType.h"; sourceTree = "<group>"; };
		CF5B1D971C63453F00FB0576 /* NSData+ImageContentType.m */ = {isa = PBXFileReference; fileEncoding = 4; lastKnownFileType = sourcecode.c.objc; path = "NSData+ImageContentType.m"; sourceTree = "<group>"; };
		CF5B1D981C63453F00FB0576 /* SDImageCache.h */ = {isa = PBXFileReference; fileEncoding = 4; lastKnownFileType = sourcecode.c.h; path = SDImageCache.h; sourceTree = "<group>"; };
		CF5B1D991C63453F00FB0576 /* SDImageCache.m */ = {isa = PBXFileReference; fileEncoding = 4; lastKnownFileType = sourcecode.c.objc; path = SDImageCache.m; sourceTree = "<group>"; };
		CF5B1D9A1C63453F00FB0576 /* SDWebImageCompat.h */ = {isa = PBXFileReference; fileEncoding = 4; lastKnownFileType = sourcecode.c.h; path = SDWebImageCompat.h; sourceTree = "<group>"; };
		CF5B1D9B1C63453F00FB0576 /* SDWebImageCompat.m */ = {isa = PBXFileReference; fileEncoding = 4; lastKnownFileType = sourcecode.c.objc; path = SDWebImageCompat.m; sourceTree = "<group>"; };
		CF5B1D9C1C63453F00FB0576 /* SDWebImageDecoder.h */ = {isa = PBXFileReference; fileEncoding = 4; lastKnownFileType = sourcecode.c.h; path = SDWebImageDecoder.h; sourceTree = "<group>"; };
		CF5B1D9D1C63453F00FB0576 /* SDWebImageDecoder.m */ = {isa = PBXFileReference; fileEncoding = 4; lastKnownFileType = sourcecode.c.objc; path = SDWebImageDecoder.m; sourceTree = "<group>"; };
		CF5B1D9E1C63453F00FB0576 /* SDWebImageDownloader.h */ = {isa = PBXFileReference; fileEncoding = 4; lastKnownFileType = sourcecode.c.h; path = SDWebImageDownloader.h; sourceTree = "<group>"; };
		CF5B1D9F1C63453F00FB0576 /* SDWebImageDownloader.m */ = {isa = PBXFileReference; fileEncoding = 4; lastKnownFileType = sourcecode.c.objc; path = SDWebImageDownloader.m; sourceTree = "<group>"; };
		CF5B1DA01C63453F00FB0576 /* SDWebImageDownloaderOperation.h */ = {isa = PBXFileReference; fileEncoding = 4; lastKnownFileType = sourcecode.c.h; path = SDWebImageDownloaderOperation.h; sourceTree = "<group>"; };
		CF5B1DA11C63453F00FB0576 /* SDWebImageDownloaderOperation.m */ = {isa = PBXFileReference; fileEncoding = 4; lastKnownFileType = sourcecode.c.objc; path = SDWebImageDownloaderOperation.m; sourceTree = "<group>"; };
		CF5B1DA21C63453F00FB0576 /* SDWebImageManager.h */ = {isa = PBXFileReference; fileEncoding = 4; lastKnownFileType = sourcecode.c.h; path = SDWebImageManager.h; sourceTree = "<group>"; };
		CF5B1DA31C63453F00FB0576 /* SDWebImageManager.m */ = {isa = PBXFileReference; fileEncoding = 4; lastKnownFileType = sourcecode.c.objc; path = SDWebImageManager.m; sourceTree = "<group>"; };
		CF5B1DA41C63453F00FB0576 /* SDWebImageOperation.h */ = {isa = PBXFileReference; fileEncoding = 4; lastKnownFileType = sourcecode.c.h; path = SDWebImageOperation.h; sourceTree = "<group>"; };
		CF5B1DA51C63453F00FB0576 /* SDWebImagePrefetcher.h */ = {isa = PBXFileReference; fileEncoding = 4; lastKnownFileType = sourcecode.c.h; path = SDWebImagePrefetcher.h; sourceTree = "<group>"; };
		CF5B1DA61C63453F00FB0576 /* SDWebImagePrefetcher.m */ = {isa = PBXFileReference; fileEncoding = 4; lastKnownFileType = sourcecode.c.objc; path = SDWebImagePrefetcher.m; sourceTree = "<group>"; };
		CF5B1DA71C63453F00FB0576 /* UIButton+WebCache.h */ = {isa = PBXFileReference; fileEncoding = 4; lastKnownFileType = sourcecode.c.h; path = "UIButton+WebCache.h"; sourceTree = "<group>"; };
		CF5B1DA81C63453F00FB0576 /* UIButton+WebCache.m */ = {isa = PBXFileReference; fileEncoding = 4; lastKnownFileType = sourcecode.c.objc; path = "UIButton+WebCache.m"; sourceTree = "<group>"; };
		CF5B1DA91C63453F00FB0576 /* UIImage+GIF.h */ = {isa = PBXFileReference; fileEncoding = 4; lastKnownFileType = sourcecode.c.h; path = "UIImage+GIF.h"; sourceTree = "<group>"; };
		CF5B1DAA1C63453F00FB0576 /* UIImage+GIF.m */ = {isa = PBXFileReference; fileEncoding = 4; lastKnownFileType = sourcecode.c.objc; path = "UIImage+GIF.m"; sourceTree = "<group>"; };
		CF5B1DAB1C63453F00FB0576 /* UIImage+MultiFormat.h */ = {isa = PBXFileReference; fileEncoding = 4; lastKnownFileType = sourcecode.c.h; path = "UIImage+MultiFormat.h"; sourceTree = "<group>"; };
		CF5B1DAC1C63453F00FB0576 /* UIImage+MultiFormat.m */ = {isa = PBXFileReference; fileEncoding = 4; lastKnownFileType = sourcecode.c.objc; path = "UIImage+MultiFormat.m"; sourceTree = "<group>"; };
		CF5B1DAD1C63453F00FB0576 /* UIImage+WebP.h */ = {isa = PBXFileReference; fileEncoding = 4; lastKnownFileType = sourcecode.c.h; path = "UIImage+WebP.h"; sourceTree = "<group>"; };
		CF5B1DAE1C63453F00FB0576 /* UIImage+WebP.m */ = {isa = PBXFileReference; fileEncoding = 4; lastKnownFileType = sourcecode.c.objc; path = "UIImage+WebP.m"; sourceTree = "<group>"; };
		CF5B1DAF1C63453F00FB0576 /* UIImageView+HighlightedWebCache.h */ = {isa = PBXFileReference; fileEncoding = 4; lastKnownFileType = sourcecode.c.h; path = "UIImageView+HighlightedWebCache.h"; sourceTree = "<group>"; };
		CF5B1DB01C63453F00FB0576 /* UIImageView+HighlightedWebCache.m */ = {isa = PBXFileReference; fileEncoding = 4; lastKnownFileType = sourcecode.c.objc; path = "UIImageView+HighlightedWebCache.m"; sourceTree = "<group>"; };
		CF5B1DB11C63453F00FB0576 /* UIImageView+WebCache.h */ = {isa = PBXFileReference; fileEncoding = 4; lastKnownFileType = sourcecode.c.h; path = "UIImageView+WebCache.h"; sourceTree = "<group>"; };
		CF5B1DB21C63453F00FB0576 /* UIImageView+WebCache.m */ = {isa = PBXFileReference; fileEncoding = 4; lastKnownFileType = sourcecode.c.objc; path = "UIImageView+WebCache.m"; sourceTree = "<group>"; };
		CF5B1DB31C63453F00FB0576 /* UIView+WebCacheOperation.h */ = {isa = PBXFileReference; fileEncoding = 4; lastKnownFileType = sourcecode.c.h; path = "UIView+WebCacheOperation.h"; sourceTree = "<group>"; };
		CF5B1DB41C63453F00FB0576 /* UIView+WebCacheOperation.m */ = {isa = PBXFileReference; fileEncoding = 4; lastKnownFileType = sourcecode.c.objc; path = "UIView+WebCacheOperation.m"; sourceTree = "<group>"; };
		CF5B1DC61C63467400FB0576 /* WebViewJavascriptBridge.h */ = {isa = PBXFileReference; fileEncoding = 4; lastKnownFileType = sourcecode.c.h; path = WebViewJavascriptBridge.h; sourceTree = "<group>"; };
		CF5B1DC71C63467400FB0576 /* WebViewJavascriptBridge.js.txt */ = {isa = PBXFileReference; fileEncoding = 4; lastKnownFileType = text; path = WebViewJavascriptBridge.js.txt; sourceTree = "<group>"; };
		CF5B1DC81C63467400FB0576 /* WebViewJavascriptBridge.m */ = {isa = PBXFileReference; fileEncoding = 4; lastKnownFileType = sourcecode.c.objc; path = WebViewJavascriptBridge.m; sourceTree = "<group>"; };
		CF72D4A91C63A1D500EC2075 /* UINavigationBar+KYAdd.h */ = {isa = PBXFileReference; fileEncoding = 4; lastKnownFileType = sourcecode.c.h; path = "UINavigationBar+KYAdd.h"; sourceTree = "<group>"; };
		CF72D4AA1C63A1D500EC2075 /* UINavigationBar+KYAdd.m */ = {isa = PBXFileReference; fileEncoding = 4; lastKnownFileType = sourcecode.c.objc; path = "UINavigationBar+KYAdd.m"; sourceTree = "<group>"; };
/* End PBXFileReference section */

/* Begin PBXFrameworksBuildPhase section */
		CF5B1BE41C63142D00FB0576 /* Frameworks */ = {
			isa = PBXFrameworksBuildPhase;
			buildActionMask = 2147483647;
			files = (
			);
			runOnlyForDeploymentPostprocessing = 0;
		};
/* End PBXFrameworksBuildPhase section */

/* Begin PBXGroup section */
		CF5B1BDE1C63142D00FB0576 = {
			isa = PBXGroup;
			children = (
				CF5B1BE91C63142D00FB0576 /* KYOrderTakeout */,
				CF5B1BE81C63142D00FB0576 /* Products */,
			);
			sourceTree = "<group>";
		};
		CF5B1BE81C63142D00FB0576 /* Products */ = {
			isa = PBXGroup;
			children = (
				CF5B1BE71C63142D00FB0576 /* KYOrderTakeout.app */,
			);
			name = Products;
			sourceTree = "<group>";
		};
		CF5B1BE91C63142D00FB0576 /* KYOrderTakeout */ = {
			isa = PBXGroup;
			children = (
				CF5B1D791C632AFD00FB0576 /* Controls */,
				CF5B1D6B1C632AA100FB0576 /* View */,
				CF5B1D581C632A9D00FB0576 /* TableViewCell */,
				CF5B1D241C632A2500FB0576 /* ViewController */,
				CF5B1D201C63280100FB0576 /* Service */,
				CF5B1CF81C6327FD00FB0576 /* Model */,
				CF5B1C011C6327F800FB0576 /* Lib */,
				CF5B1BED1C63142D00FB0576 /* AppDelegate.h */,
				CF5B1BEE1C63142D00FB0576 /* AppDelegate.m */,
				CF5B1D8C1C63360600FB0576 /* AppCommonConstant.h */,
				CF5B1D8D1C63360600FB0576 /* AppCommonConstant.m */,
				CF5B1D8F1C63363300FB0576 /* ServerConfig.h */,
				CF5B1BF31C63142D00FB0576 /* Main.storyboard */,
				CF5B1BF61C63142D00FB0576 /* Assets.xcassets */,
				CF5B1BF81C63142D00FB0576 /* LaunchScreen.storyboard */,
				CF5B1BFB1C63142D00FB0576 /* Info.plist */,
				CF5B1BEA1C63142D00FB0576 /* Supporting Files */,
				CF5B1D921C633AAC00FB0576 /* PrefixHeader.pch */,
			);
			path = KYOrderTakeout;
			sourceTree = "<group>";
		};
		CF5B1BEA1C63142D00FB0576 /* Supporting Files */ = {
			isa = PBXGroup;
			children = (
				CF5B1BEB1C63142D00FB0576 /* main.m */,
			);
			name = "Supporting Files";
			sourceTree = "<group>";
		};
		CF5B1C011C6327F800FB0576 /* Lib */ = {
			isa = PBXGroup;
			children = (
				CF5B1DC51C63467400FB0576 /* WebViewJavascriptBridge */,
				CF5B1D931C63453F00FB0576 /* SDWebImage */,
				CF5B1C021C6327F800FB0576 /* AFNetworking */,
				CF5B1C161C6327F800FB0576 /* CWStarRatingView */,
				CF5B1C4C1C6327F800FB0576 /* JSONModel */,
				CF5B1C671C6327F800FB0576 /* Masonry */,
				CF5B1C9A1C6327F800FB0576 /* SDWebImage */,
				CF5B1C9C1C6327F800FB0576 /* SVProgressHUD */,
			);
			path = Lib;
			sourceTree = "<group>";
		};
		CF5B1C021C6327F800FB0576 /* AFNetworking */ = {
			isa = PBXGroup;
			children = (
				CF5B1C031C6327F800FB0576 /* AFHTTPRequestOperation.h */,
				CF5B1C041C6327F800FB0576 /* AFHTTPRequestOperation.m */,
				CF5B1C051C6327F800FB0576 /* AFHTTPRequestOperationManager.h */,
				CF5B1C061C6327F800FB0576 /* AFHTTPRequestOperationManager.m */,
				CF5B1C071C6327F800FB0576 /* AFHTTPSessionManager.h */,
				CF5B1C081C6327F800FB0576 /* AFHTTPSessionManager.m */,
				CF5B1C091C6327F800FB0576 /* AFNetworking.h */,
				CF5B1C0A1C6327F800FB0576 /* AFNetworkReachabilityManager.h */,
				CF5B1C0B1C6327F800FB0576 /* AFNetworkReachabilityManager.m */,
				CF5B1C0C1C6327F800FB0576 /* AFSecurityPolicy.h */,
				CF5B1C0D1C6327F800FB0576 /* AFSecurityPolicy.m */,
				CF5B1C0E1C6327F800FB0576 /* AFURLConnectionOperation.h */,
				CF5B1C0F1C6327F800FB0576 /* AFURLConnectionOperation.m */,
				CF5B1C101C6327F800FB0576 /* AFURLRequestSerialization.h */,
				CF5B1C111C6327F800FB0576 /* AFURLRequestSerialization.m */,
				CF5B1C121C6327F800FB0576 /* AFURLResponseSerialization.h */,
				CF5B1C131C6327F800FB0576 /* AFURLResponseSerialization.m */,
				CF5B1C141C6327F800FB0576 /* AFURLSessionManager.h */,
				CF5B1C151C6327F800FB0576 /* AFURLSessionManager.m */,
			);
			path = AFNetworking;
			sourceTree = "<group>";
		};
		CF5B1C161C6327F800FB0576 /* CWStarRatingView */ = {
			isa = PBXGroup;
			children = (
				CF5B1C171C6327F800FB0576 /* CWStarRateView.h */,
				CF5B1C181C6327F800FB0576 /* CWStarRateView.m */,
				CF5B1C191C6327F800FB0576 /* star0@2x.png */,
				CF5B1C1A1C6327F800FB0576 /* star0@3x.png */,
				CF5B1C1B1C6327F800FB0576 /* star2@2x.png */,
				CF5B1C1C1C6327F800FB0576 /* star2@3x.png */,
			);
			path = CWStarRatingView;
			sourceTree = "<group>";
		};
		CF5B1C4C1C6327F800FB0576 /* JSONModel */ = {
			isa = PBXGroup;
			children = (
				CF5B1C4D1C6327F800FB0576 /* JSONModel */,
				CF5B1C561C6327F800FB0576 /* JSONModelCategories */,
				CF5B1C591C6327F800FB0576 /* JSONModelLib.h */,
				CF5B1C5A1C6327F800FB0576 /* JSONModelNetworking */,
				CF5B1C611C6327F800FB0576 /* JSONModelTransformations */,
			);
			path = JSONModel;
			sourceTree = "<group>";
		};
		CF5B1C4D1C6327F800FB0576 /* JSONModel */ = {
			isa = PBXGroup;
			children = (
				CF5B1C4E1C6327F800FB0576 /* JSONModel.h */,
				CF5B1C4F1C6327F800FB0576 /* JSONModel.m */,
				CF5B1C501C6327F800FB0576 /* JSONModelArray.h */,
				CF5B1C511C6327F800FB0576 /* JSONModelArray.m */,
				CF5B1C521C6327F800FB0576 /* JSONModelClassProperty.h */,
				CF5B1C531C6327F800FB0576 /* JSONModelClassProperty.m */,
				CF5B1C541C6327F800FB0576 /* JSONModelError.h */,
				CF5B1C551C6327F800FB0576 /* JSONModelError.m */,
			);
			path = JSONModel;
			sourceTree = "<group>";
		};
		CF5B1C561C6327F800FB0576 /* JSONModelCategories */ = {
			isa = PBXGroup;
			children = (
				CF5B1C571C6327F800FB0576 /* NSArray+JSONModel.h */,
				CF5B1C581C6327F800FB0576 /* NSArray+JSONModel.m */,
			);
			path = JSONModelCategories;
			sourceTree = "<group>";
		};
		CF5B1C5A1C6327F800FB0576 /* JSONModelNetworking */ = {
			isa = PBXGroup;
			children = (
				CF5B1C5B1C6327F800FB0576 /* JSONAPI.h */,
				CF5B1C5C1C6327F800FB0576 /* JSONAPI.m */,
				CF5B1C5D1C6327F800FB0576 /* JSONHTTPClient.h */,
				CF5B1C5E1C6327F800FB0576 /* JSONHTTPClient.m */,
				CF5B1C5F1C6327F800FB0576 /* JSONModel+networking.h */,
				CF5B1C601C6327F800FB0576 /* JSONModel+networking.m */,
			);
			path = JSONModelNetworking;
			sourceTree = "<group>";
		};
		CF5B1C611C6327F800FB0576 /* JSONModelTransformations */ = {
			isa = PBXGroup;
			children = (
				CF5B1C621C6327F800FB0576 /* JSONKeyMapper.h */,
				CF5B1C631C6327F800FB0576 /* JSONKeyMapper.m */,
				CF5B1C641C6327F800FB0576 /* JSONValueTransformer.h */,
				CF5B1C651C6327F800FB0576 /* JSONValueTransformer.m */,
			);
			path = JSONModelTransformations;
			sourceTree = "<group>";
		};
		CF5B1C671C6327F800FB0576 /* Masonry */ = {
			isa = PBXGroup;
			children = (
				CF5B1C681C6327F800FB0576 /* MASCompositeConstraint.h */,
				CF5B1C691C6327F800FB0576 /* MASCompositeConstraint.m */,
				CF5B1C6A1C6327F800FB0576 /* MASConstraint+Private.h */,
				CF5B1C6B1C6327F800FB0576 /* MASConstraint.h */,
				CF5B1C6C1C6327F800FB0576 /* MASConstraint.m */,
				CF5B1C6D1C6327F800FB0576 /* MASConstraintMaker.h */,
				CF5B1C6E1C6327F800FB0576 /* MASConstraintMaker.m */,
				CF5B1C6F1C6327F800FB0576 /* MASLayoutConstraint.h */,
				CF5B1C701C6327F800FB0576 /* MASLayoutConstraint.m */,
				CF5B1C711C6327F800FB0576 /* Masonry.h */,
				CF5B1C721C6327F800FB0576 /* MASUtilities.h */,
				CF5B1C731C6327F800FB0576 /* MASViewAttribute.h */,
				CF5B1C741C6327F800FB0576 /* MASViewAttribute.m */,
				CF5B1C751C6327F800FB0576 /* MASViewConstraint.h */,
				CF5B1C761C6327F800FB0576 /* MASViewConstraint.m */,
				CF5B1C771C6327F800FB0576 /* NSArray+MASAdditions.h */,
				CF5B1C781C6327F800FB0576 /* NSArray+MASAdditions.m */,
				CF5B1C791C6327F800FB0576 /* NSArray+MASShorthandAdditions.h */,
				CF5B1C7A1C6327F800FB0576 /* NSLayoutConstraint+MASDebugAdditions.h */,
				CF5B1C7B1C6327F800FB0576 /* NSLayoutConstraint+MASDebugAdditions.m */,
				CF5B1C7C1C6327F800FB0576 /* View+MASAdditions.h */,
				CF5B1C7D1C6327F800FB0576 /* View+MASAdditions.m */,
				CF5B1C7E1C6327F800FB0576 /* View+MASShorthandAdditions.h */,
				CF5B1C7F1C6327F800FB0576 /* ViewController+MASAdditions.h */,
				CF5B1C801C6327F800FB0576 /* ViewController+MASAdditions.m */,
			);
			path = Masonry;
			sourceTree = "<group>";
		};
		CF5B1C9A1C6327F800FB0576 /* SDWebImage */ = {
			isa = PBXGroup;
			children = (
				CF5B1C9B1C6327F800FB0576 /* SDWebImage */,
			);
			path = SDWebImage;
			sourceTree = "<group>";
		};
		CF5B1C9B1C6327F800FB0576 /* SDWebImage */ = {
			isa = PBXGroup;
			children = (
			);
			path = SDWebImage;
			sourceTree = "<group>";
		};
		CF5B1C9C1C6327F800FB0576 /* SVProgressHUD */ = {
			isa = PBXGroup;
			children = (
				CF5B1C9D1C6327F800FB0576 /* SVProgressHUD */,
			);
			path = SVProgressHUD;
			sourceTree = "<group>";
		};
		CF5B1C9D1C6327F800FB0576 /* SVProgressHUD */ = {
			isa = PBXGroup;
			children = (
				CF5B1C9E1C6327F800FB0576 /* SVIndefiniteAnimatedView.h */,
				CF5B1C9F1C6327F800FB0576 /* SVIndefiniteAnimatedView.m */,
				CF5B1CA01C6327F800FB0576 /* SVProgressHUD.bundle */,
				CF5B1CA11C6327F800FB0576 /* SVProgressHUD.h */,
				CF5B1CA21C6327F800FB0576 /* SVProgressHUD.m */,
			);
			path = SVProgressHUD;
			sourceTree = "<group>";
		};
		CF5B1CF81C6327FD00FB0576 /* Model */ = {
			isa = PBXGroup;
			children = (
				CF5B1CF91C6327FD00FB0576 /* KYGoodsListModel.h */,
				CF5B1CFA1C6327FD00FB0576 /* KYGoodsListModel.m */,
				CF5B1CFB1C6327FD00FB0576 /* KYGoodsModel.h */,
				CF5B1CFC1C6327FD00FB0576 /* KYGoodsModel.m */,
				CF5B1CFD1C6327FD00FB0576 /* KYImageModel.h */,
				CF5B1CFE1C6327FD00FB0576 /* KYImageModel.m */,
				CF5B1CFF1C6327FD00FB0576 /* KYOrderHistoryModel.h */,
				CF5B1D001C6327FD00FB0576 /* KYOrderHistoryModel.m */,
				CF5B1D011C6327FD00FB0576 /* KYSellerModel.h */,
				CF5B1D021C6327FD00FB0576 /* KYSellerModel.m */,
				CF5B1D031C6327FD00FB0576 /* KYTimeModel.h */,
				CF5B1D041C6327FD00FB0576 /* KYTimeModel.m */,
				CF5B1D051C6327FD00FB0576 /* TKAddAddressViewModel.h */,
				CF5B1D061C6327FD00FB0576 /* TKAddAddressViewModel.m */,
				CF5B1D071C6327FD00FB0576 /* TKAddressSelectedModel.h */,
				CF5B1D081C6327FD00FB0576 /* TKAddressSelectedModel.m */,
				CF5B1D091C6327FD00FB0576 /* TKHistoryModel.h */,
				CF5B1D0A1C6327FD00FB0576 /* TKHistoryModel.m */,
				CF5B1D0B1C6327FD00FB0576 /* TKImageModel.h */,
				CF5B1D0C1C6327FD00FB0576 /* TKImageModel.m */,
				CF5B1D0D1C6327FD00FB0576 /* TKOrderConfirmationModel.h */,
				CF5B1D0E1C6327FD00FB0576 /* TKOrderConfirmationModel.m */,
				CF5B1D0F1C6327FD00FB0576 /* TKRedPacketModel.h */,
				CF5B1D101C6327FD00FB0576 /* TKRedPacketModel.m */,
				CF5B1D111C6327FD00FB0576 /* TKVoucherModel.h */,
				CF5B1D121C6327FD00FB0576 /* TKVoucherModel.m */,
			);
			path = Model;
			sourceTree = "<group>";
		};
		CF5B1D201C63280100FB0576 /* Service */ = {
			isa = PBXGroup;
			children = (
				CF5B1D211C63280100FB0576 /* KYServiceRequest.h */,
				CF5B1D221C63280100FB0576 /* KYServiceRequest.m */,
			);
			path = Service;
			sourceTree = "<group>";
		};
		CF5B1D241C632A2500FB0576 /* ViewController */ = {
			isa = PBXGroup;
			children = (
				CF5B1D861C632C5D00FB0576 /* NewWebViewController.h */,
				CF5B1D871C632C5D00FB0576 /* NewWebViewController.m */,
				CF5B1D2D1C632A4000FB0576 /* KYFoodIndexViewController.h */,
				CF5B1D2E1C632A4000FB0576 /* KYFoodIndexViewController.m */,
				CF5B1D2F1C632A4000FB0576 /* KYStoreDetailViewController.h */,
				CF5B1D301C632A4000FB0576 /* KYStoreDetailViewController.m */,
				CF5B1D311C632A4000FB0576 /* KYStoreListViewController.h */,
				CF5B1D321C632A4000FB0576 /* KYStoreListViewController.m */,
				CF5B1D391C632A4000FB0576 /* TKAddressSelectedViewController.h */,
				CF5B1D3A1C632A4000FB0576 /* TKAddressSelectedViewController.m */,
				CF5B1D3B1C632A4000FB0576 /* TKAddressViewController.h */,
				CF5B1D3C1C632A4000FB0576 /* TKAddressViewController.m */,
				CF5B1D3D1C632A4000FB0576 /* TKBirthdayViewController.h */,
				CF5B1D3E1C632A4000FB0576 /* TKBirthdayViewController.m */,
				CF5B1D3F1C632A4000FB0576 /* TKOrderConfirmationViewController.h */,
				CF5B1D401C632A4000FB0576 /* TKOrderConfirmationViewController.m */,
			);
			path = ViewController;
			sourceTree = "<group>";
		};
		CF5B1D581C632A9D00FB0576 /* TableViewCell */ = {
			isa = PBXGroup;
			children = (
				CF5B1D591C632A9D00FB0576 /* KYFoodCategoryTableViewCell.h */,
				CF5B1D5A1C632A9D00FB0576 /* KYFoodCategoryTableViewCell.m */,
				CF5B1D5B1C632A9D00FB0576 /* KYFoodInfoTableViewCell.h */,
				CF5B1D5C1C632A9D00FB0576 /* KYFoodInfoTableViewCell.m */,
				CF5B1D5D1C632A9D00FB0576 /* KYStoreInfoTableViewCell.h */,
				CF5B1D5E1C632A9D00FB0576 /* KYStoreInfoTableViewCell.m */,
				CF5B1D5F1C632A9D00FB0576 /* TKAddressSelectedTableViewCell.h */,
				CF5B1D601C632A9D00FB0576 /* TKAddressSelectedTableViewCell.m */,
				CF5B1D611C632A9D00FB0576 /* TKAddressTableViewCell.h */,
				CF5B1D621C632A9D00FB0576 /* TKAddressTableViewCell.m */,
				CF5B1D631C632A9D00FB0576 /* TKOrderConfirmationTableViewCell.h */,
				CF5B1D641C632A9D00FB0576 /* TKOrderConfirmationTableViewCell.m */,
			);
			path = TableViewCell;
			sourceTree = "<group>";
		};
		CF5B1D6B1C632AA100FB0576 /* View */ = {
			isa = PBXGroup;
			children = (
				CF5B1D6C1C632AA100FB0576 /* KYFoodIndexView.h */,
				CF5B1D6D1C632AA100FB0576 /* KYFoodIndexView.m */,
				CF5B1D6E1C632AA100FB0576 /* KYStoreDetailView.h */,
				CF5B1D6F1C632AA100FB0576 /* KYStoreDetailView.m */,
				CF5B1D711C632AA100FB0576 /* TKOrderConfirmationHeaderView.h */,
				CF5B1D721C632AA100FB0576 /* TKOrderConfirmationHeaderView.m */,
			);
			path = View;
			sourceTree = "<group>";
		};
		CF5B1D791C632AFD00FB0576 /* Controls */ = {
			isa = PBXGroup;
			children = (
				CF5B1D7A1C632AFD00FB0576 /* KYCustomBarItem.h */,
				CF5B1D7B1C632AFD00FB0576 /* KYCustomBarItem.m */,
				CF5B1D7C1C632AFD00FB0576 /* KYNumberAdjustControl.h */,
				CF5B1D7D1C632AFD00FB0576 /* KYNumberAdjustControl.m */,
				CF5B1D7E1C632AFD00FB0576 /* KYProgressAnimationHUD.h */,
				CF5B1D7F1C632AFD00FB0576 /* KYProgressAnimationHUD.m */,
				CF5B1D801C632AFD00FB0576 /* UIView+Helper.h */,
				CF5B1D811C632AFD00FB0576 /* UIView+Helper.m */,
				CF72D4A91C63A1D500EC2075 /* UINavigationBar+KYAdd.h */,
				CF72D4AA1C63A1D500EC2075 /* UINavigationBar+KYAdd.m */,
			);
			path = Controls;
			sourceTree = "<group>";
		};
		CF5B1D931C63453F00FB0576 /* SDWebImage */ = {
			isa = PBXGroup;
			children = (
				CF5B1D941C63453F00FB0576 /* MKAnnotationView+WebCache.h */,
				CF5B1D951C63453F00FB0576 /* MKAnnotationView+WebCache.m */,
				CF5B1D961C63453F00FB0576 /* NSData+ImageContentType.h */,
				CF5B1D971C63453F00FB0576 /* NSData+ImageContentType.m */,
				CF5B1D981C63453F00FB0576 /* SDImageCache.h */,
				CF5B1D991C63453F00FB0576 /* SDImageCache.m */,
				CF5B1D9A1C63453F00FB0576 /* SDWebImageCompat.h */,
				CF5B1D9B1C63453F00FB0576 /* SDWebImageCompat.m */,
				CF5B1D9C1C63453F00FB0576 /* SDWebImageDecoder.h */,
				CF5B1D9D1C63453F00FB0576 /* SDWebImageDecoder.m */,
				CF5B1D9E1C63453F00FB0576 /* SDWebImageDownloader.h */,
				CF5B1D9F1C63453F00FB0576 /* SDWebImageDownloader.m */,
				CF5B1DA01C63453F00FB0576 /* SDWebImageDownloaderOperation.h */,
				CF5B1DA11C63453F00FB0576 /* SDWebImageDownloaderOperation.m */,
				CF5B1DA21C63453F00FB0576 /* SDWebImageManager.h */,
				CF5B1DA31C63453F00FB0576 /* SDWebImageManager.m */,
				CF5B1DA41C63453F00FB0576 /* SDWebImageOperation.h */,
				CF5B1DA51C63453F00FB0576 /* SDWebImagePrefetcher.h */,
				CF5B1DA61C63453F00FB0576 /* SDWebImagePrefetcher.m */,
				CF5B1DA71C63453F00FB0576 /* UIButton+WebCache.h */,
				CF5B1DA81C63453F00FB0576 /* UIButton+WebCache.m */,
				CF5B1DA91C63453F00FB0576 /* UIImage+GIF.h */,
				CF5B1DAA1C63453F00FB0576 /* UIImage+GIF.m */,
				CF5B1DAB1C63453F00FB0576 /* UIImage+MultiFormat.h */,
				CF5B1DAC1C63453F00FB0576 /* UIImage+MultiFormat.m */,
				CF5B1DAD1C63453F00FB0576 /* UIImage+WebP.h */,
				CF5B1DAE1C63453F00FB0576 /* UIImage+WebP.m */,
				CF5B1DAF1C63453F00FB0576 /* UIImageView+HighlightedWebCache.h */,
				CF5B1DB01C63453F00FB0576 /* UIImageView+HighlightedWebCache.m */,
				CF5B1DB11C63453F00FB0576 /* UIImageView+WebCache.h */,
				CF5B1DB21C63453F00FB0576 /* UIImageView+WebCache.m */,
				CF5B1DB31C63453F00FB0576 /* UIView+WebCacheOperation.h */,
				CF5B1DB41C63453F00FB0576 /* UIView+WebCacheOperation.m */,
			);
			path = SDWebImage;
			sourceTree = "<group>";
		};
		CF5B1DC51C63467400FB0576 /* WebViewJavascriptBridge */ = {
			isa = PBXGroup;
			children = (
				CF5B1DC61C63467400FB0576 /* WebViewJavascriptBridge.h */,
				CF5B1DC71C63467400FB0576 /* WebViewJavascriptBridge.js.txt */,
				CF5B1DC81C63467400FB0576 /* WebViewJavascriptBridge.m */,
			);
			path = WebViewJavascriptBridge;
			sourceTree = "<group>";
		};
/* End PBXGroup section */

/* Begin PBXNativeTarget section */
		CF5B1BE61C63142D00FB0576 /* KYOrderTakeout */ = {
			isa = PBXNativeTarget;
			buildConfigurationList = CF5B1BFE1C63142D00FB0576 /* Build configuration list for PBXNativeTarget "KYOrderTakeout" */;
			buildPhases = (
				CF5B1BE31C63142D00FB0576 /* Sources */,
				CF5B1BE41C63142D00FB0576 /* Frameworks */,
				CF5B1BE51C63142D00FB0576 /* Resources */,
			);
			buildRules = (
			);
			dependencies = (
			);
			name = KYOrderTakeout;
			productName = KYOrderTakeout;
			productReference = CF5B1BE71C63142D00FB0576 /* KYOrderTakeout.app */;
			productType = "com.apple.product-type.application";
		};
/* End PBXNativeTarget section */

/* Begin PBXProject section */
		CF5B1BDF1C63142D00FB0576 /* Project object */ = {
			isa = PBXProject;
			attributes = {
				LastUpgradeCheck = 0720;
				ORGANIZATIONNAME = KangYang;
				TargetAttributes = {
					CF5B1BE61C63142D00FB0576 = {
						CreatedOnToolsVersion = 7.2.1;
					};
				};
			};
			buildConfigurationList = CF5B1BE21C63142D00FB0576 /* Build configuration list for PBXProject "KYOrderTakeout" */;
			compatibilityVersion = "Xcode 3.2";
			developmentRegion = English;
			hasScannedForEncodings = 0;
			knownRegions = (
				en,
				Base,
			);
			mainGroup = CF5B1BDE1C63142D00FB0576;
			productRefGroup = CF5B1BE81C63142D00FB0576 /* Products */;
			projectDirPath = "";
			projectRoot = "";
			targets = (
				CF5B1BE61C63142D00FB0576 /* KYOrderTakeout */,
			);
		};
/* End PBXProject section */

/* Begin PBXResourcesBuildPhase section */
		CF5B1BE51C63142D00FB0576 /* Resources */ = {
			isa = PBXResourcesBuildPhase;
			buildActionMask = 2147483647;
			files = (
				CF5B1CC81C6327F800FB0576 /* star2@3x.png in Resources */,
				CF5B1CC61C6327F800FB0576 /* star0@3x.png in Resources */,
				CF5B1CC71C6327F800FB0576 /* star2@2x.png in Resources */,
				CF5B1CEE1C6327F800FB0576 /* SVProgressHUD.bundle in Resources */,
				CF5B1BFA1C63142D00FB0576 /* LaunchScreen.storyboard in Resources */,
				CF5B1DC91C63467400FB0576 /* WebViewJavascriptBridge.js.txt in Resources */,
				CF5B1BF71C63142D00FB0576 /* Assets.xcassets in Resources */,
				CF5B1BF51C63142D00FB0576 /* Main.storyboard in Resources */,
				CF5B1CC51C6327F800FB0576 /* star0@2x.png in Resources */,
			);
			runOnlyForDeploymentPostprocessing = 0;
		};
/* End PBXResourcesBuildPhase section */

/* Begin PBXSourcesBuildPhase section */
		CF5B1BE31C63142D00FB0576 /* Sources */ = {
			isa = PBXSourcesBuildPhase;
			buildActionMask = 2147483647;
			files = (
				CF5B1CE21C6327F800FB0576 /* View+MASAdditions.m in Sources */,
				CF5B1D521C632A4000FB0576 /* TKAddressViewController.m in Sources */,
				CF5B1D4B1C632A4000FB0576 /* KYFoodIndexViewController.m in Sources */,
				CF5B1D181C6327FD00FB0576 /* KYTimeModel.m in Sources */,
				CF5B1CC11C6327F800FB0576 /* AFURLRequestSerialization.m in Sources */,
				CF5B1D771C632AA100FB0576 /* TKOrderConfirmationHeaderView.m in Sources */,
				CF5B1D761C632AA100FB0576 /* KYStoreDetailView.m in Sources */,
				CF5B1CC01C6327F800FB0576 /* AFURLConnectionOperation.m in Sources */,
				CF5B1D4D1C632A4000FB0576 /* KYStoreListViewController.m in Sources */,
				CF5B1CD51C6327F800FB0576 /* JSONAPI.m in Sources */,
				CF5B1CDA1C6327F800FB0576 /* MASCompositeConstraint.m in Sources */,
				CF5B1DB91C63453F00FB0576 /* SDWebImageDecoder.m in Sources */,
				CF5B1CDC1C6327F800FB0576 /* MASConstraintMaker.m in Sources */,
				CF5B1D841C632AFD00FB0576 /* KYProgressAnimationHUD.m in Sources */,
				CF5B1CBF1C6327F800FB0576 /* AFSecurityPolicy.m in Sources */,
				CF5B1CE31C6327F800FB0576 /* ViewController+MASAdditions.m in Sources */,
				CF5B1D1D1C6327FD00FB0576 /* TKOrderConfirmationModel.m in Sources */,
				CF5B1D151C6327FD00FB0576 /* KYImageModel.m in Sources */,
				CF5B1CDD1C6327F800FB0576 /* MASLayoutConstraint.m in Sources */,
				CF5B1CD41C6327F800FB0576 /* NSArray+JSONModel.m in Sources */,
				CF5B1CBB1C6327F800FB0576 /* AFHTTPRequestOperation.m in Sources */,
				CF5B1CD11C6327F800FB0576 /* JSONModelArray.m in Sources */,
				CF5B1CC31C6327F800FB0576 /* AFURLSessionManager.m in Sources */,
				CF5B1D651C632A9D00FB0576 /* KYFoodCategoryTableViewCell.m in Sources */,
				CF5B1CC21C6327F800FB0576 /* AFURLResponseSerialization.m in Sources */,
				CF5B1D681C632A9D00FB0576 /* TKAddressSelectedTableViewCell.m in Sources */,
				CF5B1D671C632A9D00FB0576 /* KYStoreInfoTableViewCell.m in Sources */,
				CF5B1CED1C6327F800FB0576 /* SVIndefiniteAnimatedView.m in Sources */,
				CF5B1D821C632AFD00FB0576 /* KYCustomBarItem.m in Sources */,
				CF5B1DC31C63453F00FB0576 /* UIImageView+WebCache.m in Sources */,
				CF5B1DC21C63453F00FB0576 /* UIImageView+HighlightedWebCache.m in Sources */,
				CF5B1D661C632A9D00FB0576 /* KYFoodInfoTableViewCell.m in Sources */,
				CF5B1DB61C63453F00FB0576 /* NSData+ImageContentType.m in Sources */,
				CF5B1D531C632A4000FB0576 /* TKBirthdayViewController.m in Sources */,
				CF5B1CD01C6327F800FB0576 /* JSONModel.m in Sources */,
				CF5B1D511C632A4000FB0576 /* TKAddressSelectedViewController.m in Sources */,
				CF5B1BEF1C63142D00FB0576 /* AppDelegate.m in Sources */,
				CF5B1D1C1C6327FD00FB0576 /* TKImageModel.m in Sources */,
				CF5B1D231C63280100FB0576 /* KYServiceRequest.m in Sources */,
				CF5B1D131C6327FD00FB0576 /* KYGoodsListModel.m in Sources */,
				CF5B1CD91C6327F800FB0576 /* JSONValueTransformer.m in Sources */,
				CF5B1DC11C63453F00FB0576 /* UIImage+WebP.m in Sources */,
				CF5B1CBD1C6327F800FB0576 /* AFHTTPSessionManager.m in Sources */,
				CF5B1CBC1C6327F800FB0576 /* AFHTTPRequestOperationManager.m in Sources */,
				CF5B1D541C632A4000FB0576 /* TKOrderConfirmationViewController.m in Sources */,
				CF72D4AB1C63A1D500EC2075 /* UINavigationBar+KYAdd.m in Sources */,
				CF5B1D1A1C6327FD00FB0576 /* TKAddressSelectedModel.m in Sources */,
				CF5B1D171C6327FD00FB0576 /* KYSellerModel.m in Sources */,
				CF5B1CDE1C6327F800FB0576 /* MASViewAttribute.m in Sources */,
				CF5B1D4C1C632A4000FB0576 /* KYStoreDetailViewController.m in Sources */,
				CF5B1DB71C63453F00FB0576 /* SDImageCache.m in Sources */,
				CF5B1CDB1C6327F800FB0576 /* MASConstraint.m in Sources */,
				CF5B1DBE1C63453F00FB0576 /* UIButton+WebCache.m in Sources */,
				CF5B1D141C6327FD00FB0576 /* KYGoodsModel.m in Sources */,
				CF5B1DBF1C63453F00FB0576 /* UIImage+GIF.m in Sources */,
				CF5B1D161C6327FD00FB0576 /* KYOrderHistoryModel.m in Sources */,
				CF5B1CD31C6327F800FB0576 /* JSONModelError.m in Sources */,
				CF5B1D6A1C632A9D00FB0576 /* TKOrderConfirmationTableViewCell.m in Sources */,
				CF5B1DB51C63453F00FB0576 /* MKAnnotationView+WebCache.m in Sources */,
				CF5B1DBD1C63453F00FB0576 /* SDWebImagePrefetcher.m in Sources */,
				CF5B1DB81C63453F00FB0576 /* SDWebImageCompat.m in Sources */,
				CF5B1CD81C6327F800FB0576 /* JSONKeyMapper.m in Sources */,
				CF5B1D191C6327FD00FB0576 /* TKAddAddressViewModel.m in Sources */,
				CF5B1DC41C63453F00FB0576 /* UIView+WebCacheOperation.m in Sources */,
				CF5B1CDF1C6327F800FB0576 /* MASViewConstraint.m in Sources */,
				CF5B1DC01C63453F00FB0576 /* UIImage+MultiFormat.m in Sources */,
				CF5B1CD21C6327F800FB0576 /* JSONModelClassProperty.m in Sources */,
				CF5B1DBB1C63453F00FB0576 /* SDWebImageDownloaderOperation.m in Sources */,
				CF5B1D1F1C6327FD00FB0576 /* TKVoucherModel.m in Sources */,
				CF5B1D1E1C6327FD00FB0576 /* TKRedPacketModel.m in Sources */,
				CF5B1DBA1C63453F00FB0576 /* SDWebImageDownloader.m in Sources */,
				CF5B1D1B1C6327FD00FB0576 /* TKHistoryModel.m in Sources */,
				CF5B1D691C632A9D00FB0576 /* TKAddressTableViewCell.m in Sources */,
				CF5B1CEF1C6327F800FB0576 /* SVProgressHUD.m in Sources */,
				CF5B1D751C632AA100FB0576 /* KYFoodIndexView.m in Sources */,
				CF5B1CD61C6327F800FB0576 /* JSONHTTPClient.m in Sources */,
				CF5B1CD71C6327F800FB0576 /* JSONModel+networking.m in Sources */,
				CF5B1DCA1C63467400FB0576 /* WebViewJavascriptBridge.m in Sources */,
				CF5B1D8E1C63360600FB0576 /* AppCommonConstant.m in Sources */,
				CF5B1CE01C6327F800FB0576 /* NSArray+MASAdditions.m in Sources */,
				CF5B1CBE1C6327F800FB0576 /* AFNetworkReachabilityManager.m in Sources */,
				CF5B1D881C632C5D00FB0576 /* NewWebViewController.m in Sources */,
				CF5B1D831C632AFD00FB0576 /* KYNumberAdjustControl.m in Sources */,
				CF5B1D851C632AFD00FB0576 /* UIView+Helper.m in Sources */,
				CF5B1CE11C6327F800FB0576 /* NSLayoutConstraint+MASDebugAdditions.m in Sources */,
				CF5B1CC41C6327F800FB0576 /* CWStarRateView.m in Sources */,
				CF5B1BEC1C63142D00FB0576 /* main.m in Sources */,
				CF5B1DBC1C63453F00FB0576 /* SDWebImageManager.m in Sources */,
			);
			runOnlyForDeploymentPostprocessing = 0;
		};
/* End PBXSourcesBuildPhase section */

/* Begin PBXVariantGroup section */
		CF5B1BF31C63142D00FB0576 /* Main.storyboard */ = {
			isa = PBXVariantGroup;
			children = (
				CF5B1BF41C63142D00FB0576 /* Base */,
			);
			name = Main.storyboard;
			sourceTree = "<group>";
		};
		CF5B1BF81C63142D00FB0576 /* LaunchScreen.storyboard */ = {
			isa = PBXVariantGroup;
			children = (
				CF5B1BF91C63142D00FB0576 /* Base */,
			);
			name = LaunchScreen.storyboard;
			sourceTree = "<group>";
		};
/* End PBXVariantGroup section */

/* Begin XCBuildConfiguration section */
		CF5B1BFC1C63142D00FB0576 /* Debug */ = {
			isa = XCBuildConfiguration;
			buildSettings = {
				ALWAYS_SEARCH_USER_PATHS = NO;
				CLANG_CXX_LANGUAGE_STANDARD = "gnu++0x";
				CLANG_CXX_LIBRARY = "libc++";
				CLANG_ENABLE_MODULES = YES;
				CLANG_ENABLE_OBJC_ARC = YES;
				CLANG_WARN_BOOL_CONVERSION = YES;
				CLANG_WARN_CONSTANT_CONVERSION = YES;
				CLANG_WARN_DIRECT_OBJC_ISA_USAGE = YES_ERROR;
				CLANG_WARN_EMPTY_BODY = YES;
				CLANG_WARN_ENUM_CONVERSION = YES;
				CLANG_WARN_INT_CONVERSION = YES;
				CLANG_WARN_OBJC_ROOT_CLASS = YES_ERROR;
				CLANG_WARN_UNREACHABLE_CODE = YES;
				CLANG_WARN__DUPLICATE_METHOD_MATCH = YES;
				"CODE_SIGN_IDENTITY[sdk=iphoneos*]" = "iPhone Developer";
				COPY_PHASE_STRIP = NO;
				DEBUG_INFORMATION_FORMAT = dwarf;
				ENABLE_STRICT_OBJC_MSGSEND = YES;
				ENABLE_TESTABILITY = YES;
				GCC_C_LANGUAGE_STANDARD = gnu99;
				GCC_DYNAMIC_NO_PIC = NO;
				GCC_NO_COMMON_BLOCKS = YES;
				GCC_OPTIMIZATION_LEVEL = 0;
				GCC_PRECOMPILE_PREFIX_HEADER = YES;
				GCC_PREFIX_HEADER = KYOrderTakeout/PrefixHeader.pch;
				GCC_PREPROCESSOR_DEFINITIONS = (
					"DEBUG=1",
					"$(inherited)",
				);
				GCC_WARN_64_TO_32_BIT_CONVERSION = YES;
				GCC_WARN_ABOUT_RETURN_TYPE = YES_ERROR;
				GCC_WARN_UNDECLARED_SELECTOR = YES;
				GCC_WARN_UNINITIALIZED_AUTOS = YES_AGGRESSIVE;
				GCC_WARN_UNUSED_FUNCTION = YES;
				GCC_WARN_UNUSED_VARIABLE = YES;
				IPHONEOS_DEPLOYMENT_TARGET = 9.2;
				MTL_ENABLE_DEBUG_INFO = YES;
				ONLY_ACTIVE_ARCH = YES;
				SDKROOT = iphoneos;
			};
			name = Debug;
		};
		CF5B1BFD1C63142D00FB0576 /* Release */ = {
			isa = XCBuildConfiguration;
			buildSettings = {
				ALWAYS_SEARCH_USER_PATHS = NO;
				CLANG_CXX_LANGUAGE_STANDARD = "gnu++0x";
				CLANG_CXX_LIBRARY = "libc++";
				CLANG_ENABLE_MODULES = YES;
				CLANG_ENABLE_OBJC_ARC = YES;
				CLANG_WARN_BOOL_CONVERSION = YES;
				CLANG_WARN_CONSTANT_CONVERSION = YES;
				CLANG_WARN_DIRECT_OBJC_ISA_USAGE = YES_ERROR;
				CLANG_WARN_EMPTY_BODY = YES;
				CLANG_WARN_ENUM_CONVERSION = YES;
				CLANG_WARN_INT_CONVERSION = YES;
				CLANG_WARN_OBJC_ROOT_CLASS = YES_ERROR;
				CLANG_WARN_UNREACHABLE_CODE = YES;
				CLANG_WARN__DUPLICATE_METHOD_MATCH = YES;
				"CODE_SIGN_IDENTITY[sdk=iphoneos*]" = "iPhone Developer";
				COPY_PHASE_STRIP = NO;
				DEBUG_INFORMATION_FORMAT = "dwarf-with-dsym";
				ENABLE_NS_ASSERTIONS = NO;
				ENABLE_STRICT_OBJC_MSGSEND = YES;
				GCC_C_LANGUAGE_STANDARD = gnu99;
				GCC_NO_COMMON_BLOCKS = YES;
				GCC_PRECOMPILE_PREFIX_HEADER = YES;
				GCC_PREFIX_HEADER = KYOrderTakeout/PrefixHeader.pch;
				GCC_WARN_64_TO_32_BIT_CONVERSION = YES;
				GCC_WARN_ABOUT_RETURN_TYPE = YES_ERROR;
				GCC_WARN_UNDECLARED_SELECTOR = YES;
				GCC_WARN_UNINITIALIZED_AUTOS = YES_AGGRESSIVE;
				GCC_WARN_UNUSED_FUNCTION = YES;
				GCC_WARN_UNUSED_VARIABLE = YES;
				IPHONEOS_DEPLOYMENT_TARGET = 9.2;
				MTL_ENABLE_DEBUG_INFO = NO;
				SDKROOT = iphoneos;
				VALIDATE_PRODUCT = YES;
			};
			name = Release;
		};
		CF5B1BFF1C63142D00FB0576 /* Debug */ = {
			isa = XCBuildConfiguration;
			buildSettings = {
				ASSETCATALOG_COMPILER_APPICON_NAME = AppIcon;
				INFOPLIST_FILE = KYOrderTakeout/Info.plist;
				LD_RUNPATH_SEARCH_PATHS = "$(inherited) @executable_path/Frameworks";
				PRODUCT_BUNDLE_IDENTIFIER = com.kangyang.KYOrderTakeout;
				PRODUCT_NAME = "$(TARGET_NAME)";
			};
			name = Debug;
		};
		CF5B1C001C63142D00FB0576 /* Release */ = {
			isa = XCBuildConfiguration;
			buildSettings = {
				ASSETCATALOG_COMPILER_APPICON_NAME = AppIcon;
				INFOPLIST_FILE = KYOrderTakeout/Info.plist;
				LD_RUNPATH_SEARCH_PATHS = "$(inherited) @executable_path/Frameworks";
				PRODUCT_BUNDLE_IDENTIFIER = com.kangyang.KYOrderTakeout;
				PRODUCT_NAME = "$(TARGET_NAME)";
			};
			name = Release;
		};
/* End XCBuildConfiguration section */

/* Begin XCConfigurationList section */
		CF5B1BE21C63142D00FB0576 /* Build configuration list for PBXProject "KYOrderTakeout" */ = {
			isa = XCConfigurationList;
			buildConfigurations = (
				CF5B1BFC1C63142D00FB0576 /* Debug */,
				CF5B1BFD1C63142D00FB0576 /* Release */,
			);
			defaultConfigurationIsVisible = 0;
			defaultConfigurationName = Release;
		};
		CF5B1BFE1C63142D00FB0576 /* Build configuration list for PBXNativeTarget "KYOrderTakeout" */ = {
			isa = XCConfigurationList;
			buildConfigurations = (
				CF5B1BFF1C63142D00FB0576 /* Debug */,
				CF5B1C001C63142D00FB0576 /* Release */,
			);
			defaultConfigurationIsVisible = 0;
			defaultConfigurationName = Release;
		};
/* End XCConfigurationList section */
	};
	rootObject = CF5B1BDF1C63142D00FB0576 /* Project object */;
}
